// !$*UTF8*$!
{
	archiveVersion = 1;
	classes = {
	};
	objectVersion = 56;
	objects = {

/* Begin PBXBuildFile section */
		9A2379012B0357F3001D6BAF /* AppDelegate.swift in Sources */ = {isa = PBXBuildFile; fileRef = 9A2379002B0357F3001D6BAF /* AppDelegate.swift */; };
		9A2379032B0357F3001D6BAF /* SceneDelegate.swift in Sources */ = {isa = PBXBuildFile; fileRef = 9A2379022B0357F3001D6BAF /* SceneDelegate.swift */; };
		9A2379052B0357F3001D6BAF /* ViewController.swift in Sources */ = {isa = PBXBuildFile; fileRef = 9A2379042B0357F3001D6BAF /* ViewController.swift */; };
		9A2379082B0357F3001D6BAF /* Main.storyboard in Resources */ = {isa = PBXBuildFile; fileRef = 9A2379062B0357F3001D6BAF /* Main.storyboard */; };
		9A23790B2B0357F3001D6BAF /* testLocalNotifications.xcdatamodeld in Sources */ = {isa = PBXBuildFile; fileRef = 9A2379092B0357F3001D6BAF /* testLocalNotifications.xcdatamodeld */; };
		9A23790D2B0357F4001D6BAF /* Assets.xcassets in Resources */ = {isa = PBXBuildFile; fileRef = 9A23790C2B0357F4001D6BAF /* Assets.xcassets */; };
		9A2379102B0357F4001D6BAF /* LaunchScreen.storyboard in Resources */ = {isa = PBXBuildFile; fileRef = 9A23790E2B0357F4001D6BAF /* LaunchScreen.storyboard */; };
		9A23791B2B0357F4001D6BAF /* testLocalNotificationsTests.swift in Sources */ = {isa = PBXBuildFile; fileRef = 9A23791A2B0357F4001D6BAF /* testLocalNotificationsTests.swift */; };
		9A2379252B0357F4001D6BAF /* testLocalNotificationsUITests.swift in Sources */ = {isa = PBXBuildFile; fileRef = 9A2379242B0357F4001D6BAF /* testLocalNotificationsUITests.swift */; };
		9A2379272B0357F4001D6BAF /* testLocalNotificationsUITestsLaunchTests.swift in Sources */ = {isa = PBXBuildFile; fileRef = 9A2379262B0357F4001D6BAF /* testLocalNotificationsUITestsLaunchTests.swift */; };
/* End PBXBuildFile section */

/* Begin PBXContainerItemProxy section */
		9A2379172B0357F4001D6BAF /* PBXContainerItemProxy */ = {
			isa = PBXContainerItemProxy;
			containerPortal = 9A2378F52B0357F3001D6BAF /* Project object */;
			proxyType = 1;
			remoteGlobalIDString = 9A2378FC2B0357F3001D6BAF;
			remoteInfo = testLocalNotifications;
		};
		9A2379212B0357F4001D6BAF /* PBXContainerItemProxy */ = {
			isa = PBXContainerItemProxy;
			containerPortal = 9A2378F52B0357F3001D6BAF /* Project object */;
			proxyType = 1;
			remoteGlobalIDString = 9A2378FC2B0357F3001D6BAF;
			remoteInfo = testLocalNotifications;
		};
/* End PBXContainerItemProxy section */

/* Begin PBXFileReference section */
		9A2378FD2B0357F3001D6BAF /* testLocalNotifications.app */ = {isa = PBXFileReference; explicitFileType = wrapper.application; includeInIndex = 0; path = testLocalNotifications.app; sourceTree = BUILT_PRODUCTS_DIR; };
		9A2379002B0357F3001D6BAF /* AppDelegate.swift */ = {isa = PBXFileReference; lastKnownFileType = sourcecode.swift; path = AppDelegate.swift; sourceTree = "<group>"; };
		9A2379022B0357F3001D6BAF /* SceneDelegate.swift */ = {isa = PBXFileReference; lastKnownFileType = sourcecode.swift; path = SceneDelegate.swift; sourceTree = "<group>"; };
		9A2379042B0357F3001D6BAF /* ViewController.swift */ = {isa = PBXFileReference; lastKnownFileType = sourcecode.swift; path = ViewController.swift; sourceTree = "<group>"; };
		9A2379072B0357F3001D6BAF /* Base */ = {isa = PBXFileReference; lastKnownFileType = file.storyboard; name = Base; path = Base.lproj/Main.storyboard; sourceTree = "<group>"; };
		9A23790A2B0357F3001D6BAF /* testLocalNotifications.xcdatamodel */ = {isa = PBXFileReference; lastKnownFileType = wrapper.xcdatamodel; path = testLocalNotifications.xcdatamodel; sourceTree = "<group>"; };
		9A23790C2B0357F4001D6BAF /* Assets.xcassets */ = {isa = PBXFileReference; lastKnownFileType = folder.assetcatalog; path = Assets.xcassets; sourceTree = "<group>"; };
		9A23790F2B0357F4001D6BAF /* Base */ = {isa = PBXFileReference; lastKnownFileType = file.storyboard; name = Base; path = Base.lproj/LaunchScreen.storyboard; sourceTree = "<group>"; };
		9A2379112B0357F4001D6BAF /* Info.plist */ = {isa = PBXFileReference; lastKnownFileType = text.plist.xml; path = Info.plist; sourceTree = "<group>"; };
		9A2379162B0357F4001D6BAF /* testLocalNotificationsTests.xctest */ = {isa = PBXFileReference; explicitFileType = wrapper.cfbundle; includeInIndex = 0; path = testLocalNotificationsTests.xctest; sourceTree = BUILT_PRODUCTS_DIR; };
		9A23791A2B0357F4001D6BAF /* testLocalNotificationsTests.swift */ = {isa = PBXFileReference; lastKnownFileType = sourcecode.swift; path = testLocalNotificationsTests.swift; sourceTree = "<group>"; };
		9A2379202B0357F4001D6BAF /* testLocalNotificationsUITests.xctest */ = {isa = PBXFileReference; explicitFileType = wrapper.cfbundle; includeInIndex = 0; path = testLocalNotificationsUITests.xctest; sourceTree = BUILT_PRODUCTS_DIR; };
		9A2379242B0357F4001D6BAF /* testLocalNotificationsUITests.swift */ = {isa = PBXFileReference; lastKnownFileType = sourcecode.swift; path = testLocalNotificationsUITests.swift; sourceTree = "<group>"; };
		9A2379262B0357F4001D6BAF /* testLocalNotificationsUITestsLaunchTests.swift */ = {isa = PBXFileReference; lastKnownFileType = sourcecode.swift; path = testLocalNotificationsUITestsLaunchTests.swift; sourceTree = "<group>"; };
/* End PBXFileReference section */

/* Begin PBXFrameworksBuildPhase section */
		9A2378FA2B0357F3001D6BAF /* Frameworks */ = {
			isa = PBXFrameworksBuildPhase;
			buildActionMask = 2147483647;
			files = (
			);
			runOnlyForDeploymentPostprocessing = 0;
		};
		9A2379132B0357F4001D6BAF /* Frameworks */ = {
			isa = PBXFrameworksBuildPhase;
			buildActionMask = 2147483647;
			files = (
			);
			runOnlyForDeploymentPostprocessing = 0;
		};
		9A23791D2B0357F4001D6BAF /* Frameworks */ = {
			isa = PBXFrameworksBuildPhase;
			buildActionMask = 2147483647;
			files = (
			);
			runOnlyForDeploymentPostprocessing = 0;
		};
/* End PBXFrameworksBuildPhase section */

/* Begin PBXGroup section */
		9A2378F42B0357F3001D6BAF = {
			isa = PBXGroup;
			children = (
				9A2378FF2B0357F3001D6BAF /* testLocalNotifications */,
				9A2379192B0357F4001D6BAF /* testLocalNotificationsTests */,
				9A2379232B0357F4001D6BAF /* testLocalNotificationsUITests */,
				9A2378FE2B0357F3001D6BAF /* Products */,
			);
			sourceTree = "<group>";
		};
		9A2378FE2B0357F3001D6BAF /* Products */ = {
			isa = PBXGroup;
			children = (
				9A2378FD2B0357F3001D6BAF /* testLocalNotifications.app */,
				9A2379162B0357F4001D6BAF /* testLocalNotificationsTests.xctest */,
				9A2379202B0357F4001D6BAF /* testLocalNotificationsUITests.xctest */,
			);
			name = Products;
			sourceTree = "<group>";
		};
		9A2378FF2B0357F3001D6BAF /* testLocalNotifications */ = {
			isa = PBXGroup;
			children = (
				9A2379002B0357F3001D6BAF /* AppDelegate.swift */,
				9A2379022B0357F3001D6BAF /* SceneDelegate.swift */,
				9A2379042B0357F3001D6BAF /* ViewController.swift */,
				9A2379062B0357F3001D6BAF /* Main.storyboard */,
				9A23790C2B0357F4001D6BAF /* Assets.xcassets */,
				9A23790E2B0357F4001D6BAF /* LaunchScreen.storyboard */,
				9A2379112B0357F4001D6BAF /* Info.plist */,
				9A2379092B0357F3001D6BAF /* testLocalNotifications.xcdatamodeld */,
			);
			path = testLocalNotifications;
			sourceTree = "<group>";
		};
		9A2379192B0357F4001D6BAF /* testLocalNotificationsTests */ = {
			isa = PBXGroup;
			children = (
				9A23791A2B0357F4001D6BAF /* testLocalNotificationsTests.swift */,
			);
			path = testLocalNotificationsTests;
			sourceTree = "<group>";
		};
		9A2379232B0357F4001D6BAF /* testLocalNotificationsUITests */ = {
			isa = PBXGroup;
			children = (
				9A2379242B0357F4001D6BAF /* testLocalNotificationsUITests.swift */,
				9A2379262B0357F4001D6BAF /* testLocalNotificationsUITestsLaunchTests.swift */,
			);
			path = testLocalNotificationsUITests;
			sourceTree = "<group>";
		};
/* End PBXGroup section */

/* Begin PBXNativeTarget section */
		9A2378FC2B0357F3001D6BAF /* testLocalNotifications */ = {
			isa = PBXNativeTarget;
			buildConfigurationList = 9A23792A2B0357F4001D6BAF /* Build configuration list for PBXNativeTarget "testLocalNotifications" */;
			buildPhases = (
				9A2378F92B0357F3001D6BAF /* Sources */,
				9A2378FA2B0357F3001D6BAF /* Frameworks */,
				9A2378FB2B0357F3001D6BAF /* Resources */,
			);
			buildRules = (
			);
			dependencies = (
			);
			name = testLocalNotifications;
			productName = testLocalNotifications;
			productReference = 9A2378FD2B0357F3001D6BAF /* testLocalNotifications.app */;
			productType = "com.apple.product-type.application";
		};
		9A2379152B0357F4001D6BAF /* testLocalNotificationsTests */ = {
			isa = PBXNativeTarget;
			buildConfigurationList = 9A23792D2B0357F4001D6BAF /* Build configuration list for PBXNativeTarget "testLocalNotificationsTests" */;
			buildPhases = (
				9A2379122B0357F4001D6BAF /* Sources */,
				9A2379132B0357F4001D6BAF /* Frameworks */,
				9A2379142B0357F4001D6BAF /* Resources */,
			);
			buildRules = (
			);
			dependencies = (
				9A2379182B0357F4001D6BAF /* PBXTargetDependency */,
			);
			name = testLocalNotificationsTests;
			productName = testLocalNotificationsTests;
			productReference = 9A2379162B0357F4001D6BAF /* testLocalNotificationsTests.xctest */;
			productType = "com.apple.product-type.bundle.unit-test";
		};
		9A23791F2B0357F4001D6BAF /* testLocalNotificationsUITests */ = {
			isa = PBXNativeTarget;
			buildConfigurationList = 9A2379302B0357F4001D6BAF /* Build configuration list for PBXNativeTarget "testLocalNotificationsUITests" */;
			buildPhases = (
				9A23791C2B0357F4001D6BAF /* Sources */,
				9A23791D2B0357F4001D6BAF /* Frameworks */,
				9A23791E2B0357F4001D6BAF /* Resources */,
			);
			buildRules = (
			);
			dependencies = (
				9A2379222B0357F4001D6BAF /* PBXTargetDependency */,
			);
			name = testLocalNotificationsUITests;
			productName = testLocalNotificationsUITests;
			productReference = 9A2379202B0357F4001D6BAF /* testLocalNotificationsUITests.xctest */;
			productType = "com.apple.product-type.bundle.ui-testing";
		};
/* End PBXNativeTarget section */

/* Begin PBXProject section */
		9A2378F52B0357F3001D6BAF /* Project object */ = {
			isa = PBXProject;
			attributes = {
				BuildIndependentTargetsInParallel = 1;
				LastSwiftUpdateCheck = 1430;
				LastUpgradeCheck = 1430;
				TargetAttributes = {
					9A2378FC2B0357F3001D6BAF = {
						CreatedOnToolsVersion = 14.3.1;
					};
					9A2379152B0357F4001D6BAF = {
						CreatedOnToolsVersion = 14.3.1;
						TestTargetID = 9A2378FC2B0357F3001D6BAF;
					};
					9A23791F2B0357F4001D6BAF = {
						CreatedOnToolsVersion = 14.3.1;
						TestTargetID = 9A2378FC2B0357F3001D6BAF;
					};
				};
			};
			buildConfigurationList = 9A2378F82B0357F3001D6BAF /* Build configuration list for PBXProject "testLocalNotifications" */;
			compatibilityVersion = "Xcode 14.0";
			developmentRegion = en;
			hasScannedForEncodings = 0;
			knownRegions = (
				en,
				Base,
			);
			mainGroup = 9A2378F42B0357F3001D6BAF;
			productRefGroup = 9A2378FE2B0357F3001D6BAF /* Products */;
			projectDirPath = "";
			projectRoot = "";
			targets = (
				9A2378FC2B0357F3001D6BAF /* testLocalNotifications */,
				9A2379152B0357F4001D6BAF /* testLocalNotificationsTests */,
				9A23791F2B0357F4001D6BAF /* testLocalNotificationsUITests */,
			);
		};
/* End PBXProject section */

/* Begin PBXResourcesBuildPhase section */
		9A2378FB2B0357F3001D6BAF /* Resources */ = {
			isa = PBXResourcesBuildPhase;
			buildActionMask = 2147483647;
			files = (
				9A2379102B0357F4001D6BAF /* LaunchScreen.storyboard in Resources */,
				9A23790D2B0357F4001D6BAF /* Assets.xcassets in Resources */,
				9A2379082B0357F3001D6BAF /* Main.storyboard in Resources */,
			);
			runOnlyForDeploymentPostprocessing = 0;
		};
		9A2379142B0357F4001D6BAF /* Resources */ = {
			isa = PBXResourcesBuildPhase;
			buildActionMask = 2147483647;
			files = (
			);
			runOnlyForDeploymentPostprocessing = 0;
		};
		9A23791E2B0357F4001D6BAF /* Resources */ = {
			isa = PBXResourcesBuildPhase;
			buildActionMask = 2147483647;
			files = (
			);
			runOnlyForDeploymentPostprocessing = 0;
		};
/* End PBXResourcesBuildPhase section */

/* Begin PBXSourcesBuildPhase section */
		9A2378F92B0357F3001D6BAF /* Sources */ = {
			isa = PBXSourcesBuildPhase;
			buildActionMask = 2147483647;
			files = (
				9A23790B2B0357F3001D6BAF /* testLocalNotifications.xcdatamodeld in Sources */,
				9A2379052B0357F3001D6BAF /* ViewController.swift in Sources */,
				9A2379012B0357F3001D6BAF /* AppDelegate.swift in Sources */,
				9A2379032B0357F3001D6BAF /* SceneDelegate.swift in Sources */,
			);
			runOnlyForDeploymentPostprocessing = 0;
		};
		9A2379122B0357F4001D6BAF /* Sources */ = {
			isa = PBXSourcesBuildPhase;
			buildActionMask = 2147483647;
			files = (
				9A23791B2B0357F4001D6BAF /* testLocalNotificationsTests.swift in Sources */,
			);
			runOnlyForDeploymentPostprocessing = 0;
		};
		9A23791C2B0357F4001D6BAF /* Sources */ = {
			isa = PBXSourcesBuildPhase;
			buildActionMask = 2147483647;
			files = (
				9A2379252B0357F4001D6BAF /* testLocalNotificationsUITests.swift in Sources */,
				9A2379272B0357F4001D6BAF /* testLocalNotificationsUITestsLaunchTests.swift in Sources */,
			);
			runOnlyForDeploymentPostprocessing = 0;
		};
/* End PBXSourcesBuildPhase section */

/* Begin PBXTargetDependency section */
		9A2379182B0357F4001D6BAF /* PBXTargetDependency */ = {
			isa = PBXTargetDependency;
			target = 9A2378FC2B0357F3001D6BAF /* testLocalNotifications */;
			targetProxy = 9A2379172B0357F4001D6BAF /* PBXContainerItemProxy */;
		};
		9A2379222B0357F4001D6BAF /* PBXTargetDependency */ = {
			isa = PBXTargetDependency;
			target = 9A2378FC2B0357F3001D6BAF /* testLocalNotifications */;
			targetProxy = 9A2379212B0357F4001D6BAF /* PBXContainerItemProxy */;
		};
/* End PBXTargetDependency section */

/* Begin PBXVariantGroup section */
		9A2379062B0357F3001D6BAF /* Main.storyboard */ = {
			isa = PBXVariantGroup;
			children = (
				9A2379072B0357F3001D6BAF /* Base */,
			);
			name = Main.storyboard;
			sourceTree = "<group>";
		};
		9A23790E2B0357F4001D6BAF /* LaunchScreen.storyboard */ = {
			isa = PBXVariantGroup;
			children = (
				9A23790F2B0357F4001D6BAF /* Base */,
			);
			name = LaunchScreen.storyboard;
			sourceTree = "<group>";
		};
/* End PBXVariantGroup section */

/* Begin XCBuildConfiguration section */
		9A2379282B0357F4001D6BAF /* Debug */ = {
			isa = XCBuildConfiguration;
			buildSettings = {
				ALWAYS_SEARCH_USER_PATHS = NO;
				CLANG_ANALYZER_NONNULL = YES;
				CLANG_ANALYZER_NUMBER_OBJECT_CONVERSION = YES_AGGRESSIVE;
				CLANG_CXX_LANGUAGE_STANDARD = "gnu++20";
				CLANG_ENABLE_MODULES = YES;
				CLANG_ENABLE_OBJC_ARC = YES;
				CLANG_ENABLE_OBJC_WEAK = YES;
				CLANG_WARN_BLOCK_CAPTURE_AUTORELEASING = YES;
				CLANG_WARN_BOOL_CONVERSION = YES;
				CLANG_WARN_COMMA = YES;
				CLANG_WARN_CONSTANT_CONVERSION = YES;
				CLANG_WARN_DEPRECATED_OBJC_IMPLEMENTATIONS = YES;
				CLANG_WARN_DIRECT_OBJC_ISA_USAGE = YES_ERROR;
				CLANG_WARN_DOCUMENTATION_COMMENTS = YES;
				CLANG_WARN_EMPTY_BODY = YES;
				CLANG_WARN_ENUM_CONVERSION = YES;
				CLANG_WARN_INFINITE_RECURSION = YES;
				CLANG_WARN_INT_CONVERSION = YES;
				CLANG_WARN_NON_LITERAL_NULL_CONVERSION = YES;
				CLANG_WARN_OBJC_IMPLICIT_RETAIN_SELF = YES;
				CLANG_WARN_OBJC_LITERAL_CONVERSION = YES;
				CLANG_WARN_OBJC_ROOT_CLASS = YES_ERROR;
				CLANG_WARN_QUOTED_INCLUDE_IN_FRAMEWORK_HEADER = YES;
				CLANG_WARN_RANGE_LOOP_ANALYSIS = YES;
				CLANG_WARN_STRICT_PROTOTYPES = YES;
				CLANG_WARN_SUSPICIOUS_MOVE = YES;
				CLANG_WARN_UNGUARDED_AVAILABILITY = YES_AGGRESSIVE;
				CLANG_WARN_UNREACHABLE_CODE = YES;
				CLANG_WARN__DUPLICATE_METHOD_MATCH = YES;
				COPY_PHASE_STRIP = NO;
				DEBUG_INFORMATION_FORMAT = dwarf;
				ENABLE_STRICT_OBJC_MSGSEND = YES;
				ENABLE_TESTABILITY = YES;
				GCC_C_LANGUAGE_STANDARD = gnu11;
				GCC_DYNAMIC_NO_PIC = NO;
				GCC_NO_COMMON_BLOCKS = YES;
				GCC_OPTIMIZATION_LEVEL = 0;
				GCC_PREPROCESSOR_DEFINITIONS = (
					"DEBUG=1",
					"$(inherited)",
				);
				GCC_WARN_64_TO_32_BIT_CONVERSION = YES;
				GCC_WARN_ABOUT_RETURN_TYPE = YES_ERROR;
				GCC_WARN_UNDECLARED_SELECTOR = YES;
				GCC_WARN_UNINITIALIZED_AUTOS = YES_AGGRESSIVE;
				GCC_WARN_UNUSED_FUNCTION = YES;
				GCC_WARN_UNUSED_VARIABLE = YES;
				IPHONEOS_DEPLOYMENT_TARGET = 16.4;
				MTL_ENABLE_DEBUG_INFO = INCLUDE_SOURCE;
				MTL_FAST_MATH = YES;
				ONLY_ACTIVE_ARCH = YES;
				SDKROOT = iphoneos;
				SWIFT_ACTIVE_COMPILATION_CONDITIONS = DEBUG;
				SWIFT_OPTIMIZATION_LEVEL = "-Onone";
			};
			name = Debug;
		};
		9A2379292B0357F4001D6BAF /* Release */ = {
			isa = XCBuildConfiguration;
			buildSettings = {
				ALWAYS_SEARCH_USER_PATHS = NO;
				CLANG_ANALYZER_NONNULL = YES;
				CLANG_ANALYZER_NUMBER_OBJECT_CONVERSION = YES_AGGRESSIVE;
				CLANG_CXX_LANGUAGE_STANDARD = "gnu++20";
				CLANG_ENABLE_MODULES = YES;
				CLANG_ENABLE_OBJC_ARC = YES;
				CLANG_ENABLE_OBJC_WEAK = YES;
				CLANG_WARN_BLOCK_CAPTURE_AUTORELEASING = YES;
				CLANG_WARN_BOOL_CONVERSION = YES;
				CLANG_WARN_COMMA = YES;
				CLANG_WARN_CONSTANT_CONVERSION = YES;
				CLANG_WARN_DEPRECATED_OBJC_IMPLEMENTATIONS = YES;
				CLANG_WARN_DIRECT_OBJC_ISA_USAGE = YES_ERROR;
				CLANG_WARN_DOCUMENTATION_COMMENTS = YES;
				CLANG_WARN_EMPTY_BODY = YES;
				CLANG_WARN_ENUM_CONVERSION = YES;
				CLANG_WARN_INFINITE_RECURSION = YES;
				CLANG_WARN_INT_CONVERSION = YES;
				CLANG_WARN_NON_LITERAL_NULL_CONVERSION = YES;
				CLANG_WARN_OBJC_IMPLICIT_RETAIN_SELF = YES;
				CLANG_WARN_OBJC_LITERAL_CONVERSION = YES;
				CLANG_WARN_OBJC_ROOT_CLASS = YES_ERROR;
				CLANG_WARN_QUOTED_INCLUDE_IN_FRAMEWORK_HEADER = YES;
				CLANG_WARN_RANGE_LOOP_ANALYSIS = YES;
				CLANG_WARN_STRICT_PROTOTYPES = YES;
				CLANG_WARN_SUSPICIOUS_MOVE = YES;
				CLANG_WARN_UNGUARDED_AVAILABILITY = YES_AGGRESSIVE;
				CLANG_WARN_UNREACHABLE_CODE = YES;
				CLANG_WARN__DUPLICATE_METHOD_MATCH = YES;
				COPY_PHASE_STRIP = NO;
				DEBUG_INFORMATION_FORMAT = "dwarf-with-dsym";
				ENABLE_NS_ASSERTIONS = NO;
				ENABLE_STRICT_OBJC_MSGSEND = YES;
				GCC_C_LANGUAGE_STANDARD = gnu11;
				GCC_NO_COMMON_BLOCKS = YES;
				GCC_WARN_64_TO_32_BIT_CONVERSION = YES;
				GCC_WARN_ABOUT_RETURN_TYPE = YES_ERROR;
				GCC_WARN_UNDECLARED_SELECTOR = YES;
				GCC_WARN_UNINITIALIZED_AUTOS = YES_AGGRESSIVE;
				GCC_WARN_UNUSED_FUNCTION = YES;
				GCC_WARN_UNUSED_VARIABLE = YES;
				IPHONEOS_DEPLOYMENT_TARGET = 16.4;
				MTL_ENABLE_DEBUG_INFO = NO;
				MTL_FAST_MATH = YES;
				SDKROOT = iphoneos;
				SWIFT_COMPILATION_MODE = wholemodule;
				SWIFT_OPTIMIZATION_LEVEL = "-O";
				VALIDATE_PRODUCT = YES;
			};
			name = Release;
		};
		9A23792B2B0357F4001D6BAF /* Debug */ = {
			isa = XCBuildConfiguration;
			buildSettings = {
				ASSETCATALOG_COMPILER_APPICON_NAME = AppIcon;
				ASSETCATALOG_COMPILER_GLOBAL_ACCENT_COLOR_NAME = AccentColor;
				CODE_SIGN_STYLE = Automatic;
				CURRENT_PROJECT_VERSION = 1;
				GENERATE_INFOPLIST_FILE = YES;
				INFOPLIST_FILE = testLocalNotifications/Info.plist;
				INFOPLIST_KEY_UIApplicationSupportsIndirectInputEvents = YES;
				INFOPLIST_KEY_UILaunchStoryboardName = LaunchScreen;
				INFOPLIST_KEY_UIMainStoryboardFile = Main;
				INFOPLIST_KEY_UISupportedInterfaceOrientations_iPad = "UIInterfaceOrientationPortrait UIInterfaceOrientationPortraitUpsideDown UIInterfaceOrientationLandscapeLeft UIInterfaceOrientationLandscapeRight";
				INFOPLIST_KEY_UISupportedInterfaceOrientations_iPhone = "UIInterfaceOrientationPortrait UIInterfaceOrientationLandscapeLeft UIInterfaceOrientationLandscapeRight";
				LD_RUNPATH_SEARCH_PATHS = (
					"$(inherited)",
					"@executable_path/Frameworks",
				);
				MARKETING_VERSION = 1.0;
				PRODUCT_BUNDLE_IDENTIFIER = puma.testLocalNotifications;
				PRODUCT_NAME = "$(TARGET_NAME)";
				SWIFT_EMIT_LOC_STRINGS = YES;
				SWIFT_VERSION = 5.0;
				TARGETED_DEVICE_FAMILY = "1,2";
			};
			name = Debug;
		};
		9A23792C2B0357F4001D6BAF /* Release */ = {
			isa = XCBuildConfiguration;
			buildSettings = {
				ASSETCATALOG_COMPILER_APPICON_NAME = AppIcon;
				ASSETCATALOG_COMPILER_GLOBAL_ACCENT_COLOR_NAME = AccentColor;
				CODE_SIGN_STYLE = Automatic;
				CURRENT_PROJECT_VERSION = 1;
				GENERATE_INFOPLIST_FILE = YES;
				INFOPLIST_FILE = testLocalNotifications/Info.plist;
				INFOPLIST_KEY_UIApplicationSupportsIndirectInputEvents = YES;
				INFOPLIST_KEY_UILaunchStoryboardName = LaunchScreen;
				INFOPLIST_KEY_UIMainStoryboardFile = Main;
				INFOPLIST_KEY_UISupportedInterfaceOrientations_iPad = "UIInterfaceOrientationPortrait UIInterfaceOrientationPortraitUpsideDown UIInterfaceOrientationLandscapeLeft UIInterfaceOrientationLandscapeRight";
				INFOPLIST_KEY_UISupportedInterfaceOrientations_iPhone = "UIInterfaceOrientationPortrait UIInterfaceOrientationLandscapeLeft UIInterfaceOrientationLandscapeRight";
				LD_RUNPATH_SEARCH_PATHS = (
					"$(inherited)",
					"@executable_path/Frameworks",
				);
				MARKETING_VERSION = 1.0;
				PRODUCT_BUNDLE_IDENTIFIER = puma.testLocalNotifications;
				PRODUCT_NAME = "$(TARGET_NAME)";
				SWIFT_EMIT_LOC_STRINGS = YES;
				SWIFT_VERSION = 5.0;
				TARGETED_DEVICE_FAMILY = "1,2";
			};
			name = Release;
		};
		9A23792E2B0357F4001D6BAF /* Debug */ = {
			isa = XCBuildConfiguration;
			buildSettings = {
				ALWAYS_EMBED_SWIFT_STANDARD_LIBRARIES = YES;
				BUNDLE_LOADER = "$(TEST_HOST)";
				CODE_SIGN_STYLE = Automatic;
				CURRENT_PROJECT_VERSION = 1;
				GENERATE_INFOPLIST_FILE = YES;
				IPHONEOS_DEPLOYMENT_TARGET = 16.4;
				MARKETING_VERSION = 1.0;
				PRODUCT_BUNDLE_IDENTIFIER = puma.testLocalNotificationsTests;
				PRODUCT_NAME = "$(TARGET_NAME)";
				SWIFT_EMIT_LOC_STRINGS = NO;
				SWIFT_VERSION = 5.0;
				TARGETED_DEVICE_FAMILY = "1,2";
				TEST_HOST = "$(BUILT_PRODUCTS_DIR)/testLocalNotifications.app/$(BUNDLE_EXECUTABLE_FOLDER_PATH)/testLocalNotifications";
			};
			name = Debug;
		};
		9A23792F2B0357F4001D6BAF /* Release */ = {
			isa = XCBuildConfiguration;
			buildSettings = {
				ALWAYS_EMBED_SWIFT_STANDARD_LIBRARIES = YES;
				BUNDLE_LOADER = "$(TEST_HOST)";
				CODE_SIGN_STYLE = Automatic;
				CURRENT_PROJECT_VERSION = 1;
				GENERATE_INFOPLIST_FILE = YES;
				IPHONEOS_DEPLOYMENT_TARGET = 16.4;
				MARKETING_VERSION = 1.0;
				PRODUCT_BUNDLE_IDENTIFIER = puma.testLocalNotificationsTests;
				PRODUCT_NAME = "$(TARGET_NAME)";
				SWIFT_EMIT_LOC_STRINGS = NO;
				SWIFT_VERSION = 5.0;
				TARGETED_DEVICE_FAMILY = "1,2";
				TEST_HOST = "$(BUILT_PRODUCTS_DIR)/testLocalNotifications.app/$(BUNDLE_EXECUTABLE_FOLDER_PATH)/testLocalNotifications";
			};
			name = Release;
		};
		9A2379312B0357F4001D6BAF /* Debug */ = {
			isa = XCBuildConfiguration;
			buildSettings = {
				ALWAYS_EMBED_SWIFT_STANDARD_LIBRARIES = YES;
				CODE_SIGN_STYLE = Automatic;
				CURRENT_PROJECT_VERSION = 1;
				GENERATE_INFOPLIST_FILE = YES;
				MARKETING_VERSION = 1.0;
				PRODUCT_BUNDLE_IDENTIFIER = puma.testLocalNotificationsUITests;
				PRODUCT_NAME = "$(TARGET_NAME)";
				SWIFT_EMIT_LOC_STRINGS = NO;
				SWIFT_VERSION = 5.0;
				TARGETED_DEVICE_FAMILY = "1,2";
				TEST_TARGET_NAME = testLocalNotifications;
			};
			name = Debug;
		};
		9A2379322B0357F4001D6BAF /* Release */ = {
			isa = XCBuildConfiguration;
			buildSettings = {
				ALWAYS_EMBED_SWIFT_STANDARD_LIBRARIES = YES;
				CODE_SIGN_STYLE = Automatic;
				CURRENT_PROJECT_VERSION = 1;
				GENERATE_INFOPLIST_FILE = YES;
				MARKETING_VERSION = 1.0;
				PRODUCT_BUNDLE_IDENTIFIER = puma.testLocalNotificationsUITests;
				PRODUCT_NAME = "$(TARGET_NAME)";
				SWIFT_EMIT_LOC_STRINGS = NO;
				SWIFT_VERSION = 5.0;
				TARGETED_DEVICE_FAMILY = "1,2";
				TEST_TARGET_NAME = testLocalNotifications;
			};
			name = Release;
		};
/* End XCBuildConfiguration section */

/* Begin XCConfigurationList section */
		9A2378F82B0357F3001D6BAF /* Build configuration list for PBXProject "testLocalNotifications" */ = {
			isa = XCConfigurationList;
			buildConfigurations = (
				9A2379282B0357F4001D6BAF /* Debug */,
				9A2379292B0357F4001D6BAF /* Release */,
			);
			defaultConfigurationIsVisible = 0;
			defaultConfigurationName = Release;
		};
		9A23792A2B0357F4001D6BAF /* Build configuration list for PBXNativeTarget "testLocalNotifications" */ = {
			isa = XCConfigurationList;
			buildConfigurations = (
				9A23792B2B0357F4001D6BAF /* Debug */,
				9A23792C2B0357F4001D6BAF /* Release */,
			);
			defaultConfigurationIsVisible = 0;
			defaultConfigurationName = Release;
		};
		9A23792D2B0357F4001D6BAF /* Build configuration list for PBXNativeTarget "testLocalNotificationsTests" */ = {
			isa = XCConfigurationList;
			buildConfigurations = (
				9A23792E2B0357F4001D6BAF /* Debug */,
				9A23792F2B0357F4001D6BAF /* Release */,
			);
			defaultConfigurationIsVisible = 0;
			defaultConfigurationName = Release;
		};
		9A2379302B0357F4001D6BAF /* Build configuration list for PBXNativeTarget "testLocalNotificationsUITests" */ = {
			isa = XCConfigurationList;
			buildConfigurations = (
				9A2379312B0357F4001D6BAF /* Debug */,
				9A2379322B0357F4001D6BAF /* Release */,
			);
			defaultConfigurationIsVisible = 0;
			defaultConfigurationName = Release;
		};
/* End XCConfigurationList section */

/* Begin XCVersionGroup section */
		9A2379092B0357F3001D6BAF /* testLocalNotifications.xcdatamodeld */ = {
			isa = XCVersionGroup;
			children = (
				9A23790A2B0357F3001D6BAF /* testLocalNotifications.xcdatamodel */,
			);
			currentVersion = 9A23790A2B0357F3001D6BAF /* testLocalNotifications.xcdatamodel */;
			path = testLocalNotifications.xcdatamodeld;
			sourceTree = "<group>";
			versionGroupType = wrapper.xcdatamodel;
		};
/* End XCVersionGroup section */
	};
	rootObject = 9A2378F52B0357F3001D6BAF /* Project object */;
}
