// !$*UTF8*$!
{
	archiveVersion = 1;
	classes = {
	};
	objectVersion = 56;
	objects = {

/* Begin PBXBuildFile section */
		2F93B1B8C5D71E09F3D4E3B4 /* Pods_MixLedgerTests.framework in Frameworks */ = {isa = PBXBuildFile; fileRef = EF2462721E473987C7D75C22 /* Pods_MixLedgerTests.framework */; };
		98479A51822E469C09CDAC15 /* Pods_MixLedger.framework in Frameworks */ = {isa = PBXBuildFile; fileRef = 50DE94CF5C6B2450B20819E1 /* Pods_MixLedger.framework */; };
		9A23797F2B037BE5001D6BAF /* AppDelegate.swift in Sources */ = {isa = PBXBuildFile; fileRef = 9A23797E2B037BE5001D6BAF /* AppDelegate.swift */; };
		9A2379812B037BE5001D6BAF /* SceneDelegate.swift in Sources */ = {isa = PBXBuildFile; fileRef = 9A2379802B037BE5001D6BAF /* SceneDelegate.swift */; };
		9A2379832B037BE5001D6BAF /* HomeViewController.swift in Sources */ = {isa = PBXBuildFile; fileRef = 9A2379822B037BE5001D6BAF /* HomeViewController.swift */; };
		9A2379862B037BE5001D6BAF /* Main.storyboard in Resources */ = {isa = PBXBuildFile; fileRef = 9A2379842B037BE5001D6BAF /* Main.storyboard */; };
		9A2379892B037BE5001D6BAF /* MixLedger.xcdatamodeld in Sources */ = {isa = PBXBuildFile; fileRef = 9A2379872B037BE5001D6BAF /* MixLedger.xcdatamodeld */; };
		9A23798B2B037BE6001D6BAF /* Assets.xcassets in Resources */ = {isa = PBXBuildFile; fileRef = 9A23798A2B037BE6001D6BAF /* Assets.xcassets */; };
		9A23798E2B037BE6001D6BAF /* LaunchScreen.storyboard in Resources */ = {isa = PBXBuildFile; fileRef = 9A23798C2B037BE6001D6BAF /* LaunchScreen.storyboard */; };
		9A2379992B037BE6001D6BAF /* MixLedgerTests.swift in Sources */ = {isa = PBXBuildFile; fileRef = 9A2379982B037BE6001D6BAF /* MixLedgerTests.swift */; };
		9A2379A32B037BE6001D6BAF /* MixLedgerUITests.swift in Sources */ = {isa = PBXBuildFile; fileRef = 9A2379A22B037BE6001D6BAF /* MixLedgerUITests.swift */; };
		9A2379A52B037BE6001D6BAF /* MixLedgerUITestsLaunchTests.swift in Sources */ = {isa = PBXBuildFile; fileRef = 9A2379A42B037BE6001D6BAF /* MixLedgerUITestsLaunchTests.swift */; };
		9AEB5F6C2B05C4E800DF5DFF /* SharedBillStatusSmallView.swift in Sources */ = {isa = PBXBuildFile; fileRef = 9AEB5F6B2B05C4E800DF5DFF /* SharedBillStatusSmallView.swift */; };
		9AEB5F6E2B05F0E600DF5DFF /* ex-image.swift in Sources */ = {isa = PBXBuildFile; fileRef = 9AEB5F6D2B05F0E600DF5DFF /* ex-image.swift */; };
		9AEB5F712B06041400DF5DFF /* BillTableViewCell.swift in Sources */ = {isa = PBXBuildFile; fileRef = 9AEB5F6F2B06041400DF5DFF /* BillTableViewCell.swift */; };
		9AEB5F722B06041400DF5DFF /* BillTableViewCell.xib in Resources */ = {isa = PBXBuildFile; fileRef = 9AEB5F702B06041400DF5DFF /* BillTableViewCell.xib */; };
		9AEB5F742B0608D100DF5DFF /* ShowMoneyFormat.swift in Sources */ = {isa = PBXBuildFile; fileRef = 9AEB5F732B0608D100DF5DFF /* ShowMoneyFormat.swift */; };
		E6B46F9654FDBF9A07DB7D0F /* Pods_MixLedger_MixLedgerUITests.framework in Frameworks */ = {isa = PBXBuildFile; fileRef = F1CCDF8836B67DAB869D5144 /* Pods_MixLedger_MixLedgerUITests.framework */; };
/* End PBXBuildFile section */

/* Begin PBXContainerItemProxy section */
		9A2379952B037BE6001D6BAF /* PBXContainerItemProxy */ = {
			isa = PBXContainerItemProxy;
			containerPortal = 9A2379732B037BE5001D6BAF /* Project object */;
			proxyType = 1;
			remoteGlobalIDString = 9A23797A2B037BE5001D6BAF;
			remoteInfo = MixLedger;
		};
		9A23799F2B037BE6001D6BAF /* PBXContainerItemProxy */ = {
			isa = PBXContainerItemProxy;
			containerPortal = 9A2379732B037BE5001D6BAF /* Project object */;
			proxyType = 1;
			remoteGlobalIDString = 9A23797A2B037BE5001D6BAF;
			remoteInfo = MixLedger;
		};
/* End PBXContainerItemProxy section */

/* Begin PBXFileReference section */
		4522745B7528846AF66E8877 /* Pods-MixLedgerTests.release.xcconfig */ = {isa = PBXFileReference; includeInIndex = 1; lastKnownFileType = text.xcconfig; name = "Pods-MixLedgerTests.release.xcconfig"; path = "Target Support Files/Pods-MixLedgerTests/Pods-MixLedgerTests.release.xcconfig"; sourceTree = "<group>"; };
		50DE94CF5C6B2450B20819E1 /* Pods_MixLedger.framework */ = {isa = PBXFileReference; explicitFileType = wrapper.framework; includeInIndex = 0; path = Pods_MixLedger.framework; sourceTree = BUILT_PRODUCTS_DIR; };
		8EA2956F7C3EED154D156F16 /* Pods-MixLedger-MixLedgerUITests.release.xcconfig */ = {isa = PBXFileReference; includeInIndex = 1; lastKnownFileType = text.xcconfig; name = "Pods-MixLedger-MixLedgerUITests.release.xcconfig"; path = "Target Support Files/Pods-MixLedger-MixLedgerUITests/Pods-MixLedger-MixLedgerUITests.release.xcconfig"; sourceTree = "<group>"; };
		9A23797B2B037BE5001D6BAF /* MixLedger.app */ = {isa = PBXFileReference; explicitFileType = wrapper.application; includeInIndex = 0; path = MixLedger.app; sourceTree = BUILT_PRODUCTS_DIR; };
		9A23797E2B037BE5001D6BAF /* AppDelegate.swift */ = {isa = PBXFileReference; lastKnownFileType = sourcecode.swift; path = AppDelegate.swift; sourceTree = "<group>"; };
		9A2379802B037BE5001D6BAF /* SceneDelegate.swift */ = {isa = PBXFileReference; lastKnownFileType = sourcecode.swift; path = SceneDelegate.swift; sourceTree = "<group>"; };
		9A2379822B037BE5001D6BAF /* HomeViewController.swift */ = {isa = PBXFileReference; lastKnownFileType = sourcecode.swift; path = HomeViewController.swift; sourceTree = "<group>"; };
		9A2379852B037BE5001D6BAF /* Base */ = {isa = PBXFileReference; lastKnownFileType = file.storyboard; name = Base; path = Base.lproj/Main.storyboard; sourceTree = "<group>"; };
		9A2379882B037BE5001D6BAF /* MixLedger.xcdatamodel */ = {isa = PBXFileReference; lastKnownFileType = wrapper.xcdatamodel; path = MixLedger.xcdatamodel; sourceTree = "<group>"; };
		9A23798A2B037BE6001D6BAF /* Assets.xcassets */ = {isa = PBXFileReference; lastKnownFileType = folder.assetcatalog; path = Assets.xcassets; sourceTree = "<group>"; };
		9A23798D2B037BE6001D6BAF /* Base */ = {isa = PBXFileReference; lastKnownFileType = file.storyboard; name = Base; path = Base.lproj/LaunchScreen.storyboard; sourceTree = "<group>"; };
		9A23798F2B037BE6001D6BAF /* Info.plist */ = {isa = PBXFileReference; lastKnownFileType = text.plist.xml; path = Info.plist; sourceTree = "<group>"; };
		9A2379942B037BE6001D6BAF /* MixLedgerTests.xctest */ = {isa = PBXFileReference; explicitFileType = wrapper.cfbundle; includeInIndex = 0; path = MixLedgerTests.xctest; sourceTree = BUILT_PRODUCTS_DIR; };
		9A2379982B037BE6001D6BAF /* MixLedgerTests.swift */ = {isa = PBXFileReference; lastKnownFileType = sourcecode.swift; path = MixLedgerTests.swift; sourceTree = "<group>"; };
		9A23799E2B037BE6001D6BAF /* MixLedgerUITests.xctest */ = {isa = PBXFileReference; explicitFileType = wrapper.cfbundle; includeInIndex = 0; path = MixLedgerUITests.xctest; sourceTree = BUILT_PRODUCTS_DIR; };
		9A2379A22B037BE6001D6BAF /* MixLedgerUITests.swift */ = {isa = PBXFileReference; lastKnownFileType = sourcecode.swift; path = MixLedgerUITests.swift; sourceTree = "<group>"; };
		9A2379A42B037BE6001D6BAF /* MixLedgerUITestsLaunchTests.swift */ = {isa = PBXFileReference; lastKnownFileType = sourcecode.swift; path = MixLedgerUITestsLaunchTests.swift; sourceTree = "<group>"; };
		9AEB5F6B2B05C4E800DF5DFF /* SharedBillStatusSmallView.swift */ = {isa = PBXFileReference; lastKnownFileType = sourcecode.swift; path = SharedBillStatusSmallView.swift; sourceTree = "<group>"; };
		9AEB5F6D2B05F0E600DF5DFF /* ex-image.swift */ = {isa = PBXFileReference; lastKnownFileType = sourcecode.swift; path = "ex-image.swift"; sourceTree = "<group>"; };
		9AEB5F6F2B06041400DF5DFF /* BillTableViewCell.swift */ = {isa = PBXFileReference; lastKnownFileType = sourcecode.swift; path = BillTableViewCell.swift; sourceTree = "<group>"; };
		9AEB5F702B06041400DF5DFF /* BillTableViewCell.xib */ = {isa = PBXFileReference; lastKnownFileType = file.xib; path = BillTableViewCell.xib; sourceTree = "<group>"; };
		9AEB5F732B0608D100DF5DFF /* ShowMoneyFormat.swift */ = {isa = PBXFileReference; lastKnownFileType = sourcecode.swift; path = ShowMoneyFormat.swift; sourceTree = "<group>"; };
		BB5BDB5FFA1C9734E762184D /* Pods-MixLedgerTests.debug.xcconfig */ = {isa = PBXFileReference; includeInIndex = 1; lastKnownFileType = text.xcconfig; name = "Pods-MixLedgerTests.debug.xcconfig"; path = "Target Support Files/Pods-MixLedgerTests/Pods-MixLedgerTests.debug.xcconfig"; sourceTree = "<group>"; };
		CA6B2D8D68F7BE48919B5970 /* Pods-MixLedger-MixLedgerUITests.debug.xcconfig */ = {isa = PBXFileReference; includeInIndex = 1; lastKnownFileType = text.xcconfig; name = "Pods-MixLedger-MixLedgerUITests.debug.xcconfig"; path = "Target Support Files/Pods-MixLedger-MixLedgerUITests/Pods-MixLedger-MixLedgerUITests.debug.xcconfig"; sourceTree = "<group>"; };
		E8D38596216FBD8810922766 /* Pods-MixLedger.release.xcconfig */ = {isa = PBXFileReference; includeInIndex = 1; lastKnownFileType = text.xcconfig; name = "Pods-MixLedger.release.xcconfig"; path = "Target Support Files/Pods-MixLedger/Pods-MixLedger.release.xcconfig"; sourceTree = "<group>"; };
		EF2462721E473987C7D75C22 /* Pods_MixLedgerTests.framework */ = {isa = PBXFileReference; explicitFileType = wrapper.framework; includeInIndex = 0; path = Pods_MixLedgerTests.framework; sourceTree = BUILT_PRODUCTS_DIR; };
		F1CCDF8836B67DAB869D5144 /* Pods_MixLedger_MixLedgerUITests.framework */ = {isa = PBXFileReference; explicitFileType = wrapper.framework; includeInIndex = 0; path = Pods_MixLedger_MixLedgerUITests.framework; sourceTree = BUILT_PRODUCTS_DIR; };
		FE369AA9DEAC77387AAFE5F1 /* Pods-MixLedger.debug.xcconfig */ = {isa = PBXFileReference; includeInIndex = 1; lastKnownFileType = text.xcconfig; name = "Pods-MixLedger.debug.xcconfig"; path = "Target Support Files/Pods-MixLedger/Pods-MixLedger.debug.xcconfig"; sourceTree = "<group>"; };
/* End PBXFileReference section */

/* Begin PBXFrameworksBuildPhase section */
		9A2379782B037BE5001D6BAF /* Frameworks */ = {
			isa = PBXFrameworksBuildPhase;
			buildActionMask = 2147483647;
			files = (
				98479A51822E469C09CDAC15 /* Pods_MixLedger.framework in Frameworks */,
			);
			runOnlyForDeploymentPostprocessing = 0;
		};
		9A2379912B037BE6001D6BAF /* Frameworks */ = {
			isa = PBXFrameworksBuildPhase;
			buildActionMask = 2147483647;
			files = (
				2F93B1B8C5D71E09F3D4E3B4 /* Pods_MixLedgerTests.framework in Frameworks */,
			);
			runOnlyForDeploymentPostprocessing = 0;
		};
		9A23799B2B037BE6001D6BAF /* Frameworks */ = {
			isa = PBXFrameworksBuildPhase;
			buildActionMask = 2147483647;
			files = (
				E6B46F9654FDBF9A07DB7D0F /* Pods_MixLedger_MixLedgerUITests.framework in Frameworks */,
			);
			runOnlyForDeploymentPostprocessing = 0;
		};
/* End PBXFrameworksBuildPhase section */

/* Begin PBXGroup section */
		225123296BD75F498D6670DC /* Frameworks */ = {
			isa = PBXGroup;
			children = (
				50DE94CF5C6B2450B20819E1 /* Pods_MixLedger.framework */,
				F1CCDF8836B67DAB869D5144 /* Pods_MixLedger_MixLedgerUITests.framework */,
				EF2462721E473987C7D75C22 /* Pods_MixLedgerTests.framework */,
			);
			name = Frameworks;
			sourceTree = "<group>";
		};
		982246AE0FCFC244BDF6DFD4 /* Pods */ = {
			isa = PBXGroup;
			children = (
				FE369AA9DEAC77387AAFE5F1 /* Pods-MixLedger.debug.xcconfig */,
				E8D38596216FBD8810922766 /* Pods-MixLedger.release.xcconfig */,
				CA6B2D8D68F7BE48919B5970 /* Pods-MixLedger-MixLedgerUITests.debug.xcconfig */,
				8EA2956F7C3EED154D156F16 /* Pods-MixLedger-MixLedgerUITests.release.xcconfig */,
				BB5BDB5FFA1C9734E762184D /* Pods-MixLedgerTests.debug.xcconfig */,
				4522745B7528846AF66E8877 /* Pods-MixLedgerTests.release.xcconfig */,
			);
			path = Pods;
			sourceTree = "<group>";
		};
		9A2379722B037BE5001D6BAF = {
			isa = PBXGroup;
			children = (
				9A23797D2B037BE5001D6BAF /* MixLedger */,
				9A2379972B037BE6001D6BAF /* MixLedgerTests */,
				9A2379A12B037BE6001D6BAF /* MixLedgerUITests */,
				9A23797C2B037BE5001D6BAF /* Products */,
				982246AE0FCFC244BDF6DFD4 /* Pods */,
				225123296BD75F498D6670DC /* Frameworks */,
			);
			sourceTree = "<group>";
		};
		9A23797C2B037BE5001D6BAF /* Products */ = {
			isa = PBXGroup;
			children = (
				9A23797B2B037BE5001D6BAF /* MixLedger.app */,
				9A2379942B037BE6001D6BAF /* MixLedgerTests.xctest */,
				9A23799E2B037BE6001D6BAF /* MixLedgerUITests.xctest */,
			);
			name = Products;
			sourceTree = "<group>";
		};
		9A23797D2B037BE5001D6BAF /* MixLedger */ = {
			isa = PBXGroup;
			children = (
				9A23797E2B037BE5001D6BAF /* AppDelegate.swift */,
				9A2379802B037BE5001D6BAF /* SceneDelegate.swift */,
				9A2379822B037BE5001D6BAF /* HomeViewController.swift */,
				9AEB5F6F2B06041400DF5DFF /* BillTableViewCell.swift */,
				9AEB5F702B06041400DF5DFF /* BillTableViewCell.xib */,
				9AEB5F6B2B05C4E800DF5DFF /* SharedBillStatusSmallView.swift */,
				9A2379842B037BE5001D6BAF /* Main.storyboard */,
				9A23798A2B037BE6001D6BAF /* Assets.xcassets */,
				9A23798C2B037BE6001D6BAF /* LaunchScreen.storyboard */,
				9A23798F2B037BE6001D6BAF /* Info.plist */,
				9A2379872B037BE5001D6BAF /* MixLedger.xcdatamodeld */,
				9AEB5F6D2B05F0E600DF5DFF /* ex-image.swift */,
				9AEB5F732B0608D100DF5DFF /* ShowMoneyFormat.swift */,
			);
			path = MixLedger;
			sourceTree = "<group>";
		};
		9A2379972B037BE6001D6BAF /* MixLedgerTests */ = {
			isa = PBXGroup;
			children = (
				9A2379982B037BE6001D6BAF /* MixLedgerTests.swift */,
			);
			path = MixLedgerTests;
			sourceTree = "<group>";
		};
		9A2379A12B037BE6001D6BAF /* MixLedgerUITests */ = {
			isa = PBXGroup;
			children = (
				9A2379A22B037BE6001D6BAF /* MixLedgerUITests.swift */,
				9A2379A42B037BE6001D6BAF /* MixLedgerUITestsLaunchTests.swift */,
			);
			path = MixLedgerUITests;
			sourceTree = "<group>";
		};
/* End PBXGroup section */

/* Begin PBXNativeTarget section */
		9A23797A2B037BE5001D6BAF /* MixLedger */ = {
			isa = PBXNativeTarget;
			buildConfigurationList = 9A2379A82B037BE6001D6BAF /* Build configuration list for PBXNativeTarget "MixLedger" */;
			buildPhases = (
				7816138517E78A142C1267B3 /* [CP] Check Pods Manifest.lock */,
				9A2379772B037BE5001D6BAF /* Sources */,
				9A2379782B037BE5001D6BAF /* Frameworks */,
				9A2379792B037BE5001D6BAF /* Resources */,
				9A2379B12B04AB31001D6BAF /* ShellScript */,
				773F80D2023C82E5EAC91184 /* [CP] Embed Pods Frameworks */,
			);
			buildRules = (
			);
			dependencies = (
			);
			name = MixLedger;
			productName = MixLedger;
			productReference = 9A23797B2B037BE5001D6BAF /* MixLedger.app */;
			productType = "com.apple.product-type.application";
		};
		9A2379932B037BE6001D6BAF /* MixLedgerTests */ = {
			isa = PBXNativeTarget;
			buildConfigurationList = 9A2379AB2B037BE6001D6BAF /* Build configuration list for PBXNativeTarget "MixLedgerTests" */;
			buildPhases = (
				0634CD4DE63D0C712591E578 /* [CP] Check Pods Manifest.lock */,
				9A2379902B037BE6001D6BAF /* Sources */,
				9A2379912B037BE6001D6BAF /* Frameworks */,
				9A2379922B037BE6001D6BAF /* Resources */,
			);
			buildRules = (
			);
			dependencies = (
				9A2379962B037BE6001D6BAF /* PBXTargetDependency */,
			);
			name = MixLedgerTests;
			productName = MixLedgerTests;
			productReference = 9A2379942B037BE6001D6BAF /* MixLedgerTests.xctest */;
			productType = "com.apple.product-type.bundle.unit-test";
		};
		9A23799D2B037BE6001D6BAF /* MixLedgerUITests */ = {
			isa = PBXNativeTarget;
			buildConfigurationList = 9A2379AE2B037BE6001D6BAF /* Build configuration list for PBXNativeTarget "MixLedgerUITests" */;
			buildPhases = (
				CEDA9B3E2AC7FE838301CD0E /* [CP] Check Pods Manifest.lock */,
				9A23799A2B037BE6001D6BAF /* Sources */,
				9A23799B2B037BE6001D6BAF /* Frameworks */,
				9A23799C2B037BE6001D6BAF /* Resources */,
				FE5A93DF217324B1CB062FB7 /* [CP] Embed Pods Frameworks */,
			);
			buildRules = (
			);
			dependencies = (
				9A2379A02B037BE6001D6BAF /* PBXTargetDependency */,
			);
			name = MixLedgerUITests;
			productName = MixLedgerUITests;
			productReference = 9A23799E2B037BE6001D6BAF /* MixLedgerUITests.xctest */;
			productType = "com.apple.product-type.bundle.ui-testing";
		};
/* End PBXNativeTarget section */

/* Begin PBXProject section */
		9A2379732B037BE5001D6BAF /* Project object */ = {
			isa = PBXProject;
			attributes = {
				BuildIndependentTargetsInParallel = 1;
				LastSwiftUpdateCheck = 1430;
				LastUpgradeCheck = 1430;
				TargetAttributes = {
					9A23797A2B037BE5001D6BAF = {
						CreatedOnToolsVersion = 14.3.1;
					};
					9A2379932B037BE6001D6BAF = {
						CreatedOnToolsVersion = 14.3.1;
						TestTargetID = 9A23797A2B037BE5001D6BAF;
					};
					9A23799D2B037BE6001D6BAF = {
						CreatedOnToolsVersion = 14.3.1;
						TestTargetID = 9A23797A2B037BE5001D6BAF;
					};
				};
			};
			buildConfigurationList = 9A2379762B037BE5001D6BAF /* Build configuration list for PBXProject "MixLedger" */;
			compatibilityVersion = "Xcode 14.0";
			developmentRegion = en;
			hasScannedForEncodings = 0;
			knownRegions = (
				en,
				Base,
			);
			mainGroup = 9A2379722B037BE5001D6BAF;
			productRefGroup = 9A23797C2B037BE5001D6BAF /* Products */;
			projectDirPath = "";
			projectRoot = "";
			targets = (
				9A23797A2B037BE5001D6BAF /* MixLedger */,
				9A2379932B037BE6001D6BAF /* MixLedgerTests */,
				9A23799D2B037BE6001D6BAF /* MixLedgerUITests */,
			);
		};
/* End PBXProject section */

/* Begin PBXResourcesBuildPhase section */
		9A2379792B037BE5001D6BAF /* Resources */ = {
			isa = PBXResourcesBuildPhase;
			buildActionMask = 2147483647;
			files = (
				9AEB5F722B06041400DF5DFF /* BillTableViewCell.xib in Resources */,
				9A23798E2B037BE6001D6BAF /* LaunchScreen.storyboard in Resources */,
				9A23798B2B037BE6001D6BAF /* Assets.xcassets in Resources */,
				9A2379862B037BE5001D6BAF /* Main.storyboard in Resources */,
			);
			runOnlyForDeploymentPostprocessing = 0;
		};
		9A2379922B037BE6001D6BAF /* Resources */ = {
			isa = PBXResourcesBuildPhase;
			buildActionMask = 2147483647;
			files = (
			);
			runOnlyForDeploymentPostprocessing = 0;
		};
		9A23799C2B037BE6001D6BAF /* Resources */ = {
			isa = PBXResourcesBuildPhase;
			buildActionMask = 2147483647;
			files = (
			);
			runOnlyForDeploymentPostprocessing = 0;
		};
/* End PBXResourcesBuildPhase section */

/* Begin PBXShellScriptBuildPhase section */
		0634CD4DE63D0C712591E578 /* [CP] Check Pods Manifest.lock */ = {
			isa = PBXShellScriptBuildPhase;
			buildActionMask = 2147483647;
			files = (
			);
			inputFileListPaths = (
			);
			inputPaths = (
				"${PODS_PODFILE_DIR_PATH}/Podfile.lock",
				"${PODS_ROOT}/Manifest.lock",
			);
			name = "[CP] Check Pods Manifest.lock";
			outputFileListPaths = (
			);
			outputPaths = (
				"$(DERIVED_FILE_DIR)/Pods-MixLedgerTests-checkManifestLockResult.txt",
			);
			runOnlyForDeploymentPostprocessing = 0;
			shellPath = /bin/sh;
			shellScript = "diff \"${PODS_PODFILE_DIR_PATH}/Podfile.lock\" \"${PODS_ROOT}/Manifest.lock\" > /dev/null\nif [ $? != 0 ] ; then\n    # print error to STDERR\n    echo \"error: The sandbox is not in sync with the Podfile.lock. Run 'pod install' or update your CocoaPods installation.\" >&2\n    exit 1\nfi\n# This output is used by Xcode 'outputs' to avoid re-running this script phase.\necho \"SUCCESS\" > \"${SCRIPT_OUTPUT_FILE_0}\"\n";
			showEnvVarsInLog = 0;
		};
		773F80D2023C82E5EAC91184 /* [CP] Embed Pods Frameworks */ = {
			isa = PBXShellScriptBuildPhase;
			buildActionMask = 2147483647;
			files = (
			);
			inputFileListPaths = (
				"${PODS_ROOT}/Target Support Files/Pods-MixLedger/Pods-MixLedger-frameworks-${CONFIGURATION}-input-files.xcfilelist",
			);
			name = "[CP] Embed Pods Frameworks";
			outputFileListPaths = (
				"${PODS_ROOT}/Target Support Files/Pods-MixLedger/Pods-MixLedger-frameworks-${CONFIGURATION}-output-files.xcfilelist",
			);
			runOnlyForDeploymentPostprocessing = 0;
			shellPath = /bin/sh;
			shellScript = "\"${PODS_ROOT}/Target Support Files/Pods-MixLedger/Pods-MixLedger-frameworks.sh\"\n";
			showEnvVarsInLog = 0;
		};
		7816138517E78A142C1267B3 /* [CP] Check Pods Manifest.lock */ = {
			isa = PBXShellScriptBuildPhase;
			buildActionMask = 2147483647;
			files = (
			);
			inputFileListPaths = (
			);
			inputPaths = (
				"${PODS_PODFILE_DIR_PATH}/Podfile.lock",
				"${PODS_ROOT}/Manifest.lock",
			);
			name = "[CP] Check Pods Manifest.lock";
			outputFileListPaths = (
			);
			outputPaths = (
				"$(DERIVED_FILE_DIR)/Pods-MixLedger-checkManifestLockResult.txt",
			);
			runOnlyForDeploymentPostprocessing = 0;
			shellPath = /bin/sh;
			shellScript = "diff \"${PODS_PODFILE_DIR_PATH}/Podfile.lock\" \"${PODS_ROOT}/Manifest.lock\" > /dev/null\nif [ $? != 0 ] ; then\n    # print error to STDERR\n    echo \"error: The sandbox is not in sync with the Podfile.lock. Run 'pod install' or update your CocoaPods installation.\" >&2\n    exit 1\nfi\n# This output is used by Xcode 'outputs' to avoid re-running this script phase.\necho \"SUCCESS\" > \"${SCRIPT_OUTPUT_FILE_0}\"\n";
			showEnvVarsInLog = 0;
		};
		9A2379B12B04AB31001D6BAF /* ShellScript */ = {
			isa = PBXShellScriptBuildPhase;
			buildActionMask = 2147483647;
			files = (
			);
			inputFileListPaths = (
			);
			inputPaths = (
			);
			outputFileListPaths = (
			);
			outputPaths = (
			);
			runOnlyForDeploymentPostprocessing = 0;
			shellPath = /bin/sh;
			shellScript = "# Type a script or drag a script file from your workspace to insert its path.\n\n\"${PODS_ROOT}/SwiftLint/swiftlint\"\n";
		};
		CEDA9B3E2AC7FE838301CD0E /* [CP] Check Pods Manifest.lock */ = {
			isa = PBXShellScriptBuildPhase;
			buildActionMask = 2147483647;
			files = (
			);
			inputFileListPaths = (
			);
			inputPaths = (
				"${PODS_PODFILE_DIR_PATH}/Podfile.lock",
				"${PODS_ROOT}/Manifest.lock",
			);
			name = "[CP] Check Pods Manifest.lock";
			outputFileListPaths = (
			);
			outputPaths = (
				"$(DERIVED_FILE_DIR)/Pods-MixLedger-MixLedgerUITests-checkManifestLockResult.txt",
			);
			runOnlyForDeploymentPostprocessing = 0;
			shellPath = /bin/sh;
			shellScript = "diff \"${PODS_PODFILE_DIR_PATH}/Podfile.lock\" \"${PODS_ROOT}/Manifest.lock\" > /dev/null\nif [ $? != 0 ] ; then\n    # print error to STDERR\n    echo \"error: The sandbox is not in sync with the Podfile.lock. Run 'pod install' or update your CocoaPods installation.\" >&2\n    exit 1\nfi\n# This output is used by Xcode 'outputs' to avoid re-running this script phase.\necho \"SUCCESS\" > \"${SCRIPT_OUTPUT_FILE_0}\"\n";
			showEnvVarsInLog = 0;
		};
		FE5A93DF217324B1CB062FB7 /* [CP] Embed Pods Frameworks */ = {
			isa = PBXShellScriptBuildPhase;
			buildActionMask = 2147483647;
			files = (
			);
			inputFileListPaths = (
				"${PODS_ROOT}/Target Support Files/Pods-MixLedger-MixLedgerUITests/Pods-MixLedger-MixLedgerUITests-frameworks-${CONFIGURATION}-input-files.xcfilelist",
			);
			name = "[CP] Embed Pods Frameworks";
			outputFileListPaths = (
				"${PODS_ROOT}/Target Support Files/Pods-MixLedger-MixLedgerUITests/Pods-MixLedger-MixLedgerUITests-frameworks-${CONFIGURATION}-output-files.xcfilelist",
			);
			runOnlyForDeploymentPostprocessing = 0;
			shellPath = /bin/sh;
			shellScript = "\"${PODS_ROOT}/Target Support Files/Pods-MixLedger-MixLedgerUITests/Pods-MixLedger-MixLedgerUITests-frameworks.sh\"\n";
			showEnvVarsInLog = 0;
		};
/* End PBXShellScriptBuildPhase section */

/* Begin PBXSourcesBuildPhase section */
		9A2379772B037BE5001D6BAF /* Sources */ = {
			isa = PBXSourcesBuildPhase;
			buildActionMask = 2147483647;
			files = (
				9A2379832B037BE5001D6BAF /* HomeViewController.swift in Sources */,
				9A23797F2B037BE5001D6BAF /* AppDelegate.swift in Sources */,
				9AEB5F742B0608D100DF5DFF /* ShowMoneyFormat.swift in Sources */,
				9AEB5F6E2B05F0E600DF5DFF /* ex-image.swift in Sources */,
				9AEB5F712B06041400DF5DFF /* BillTableViewCell.swift in Sources */,
				9A2379812B037BE5001D6BAF /* SceneDelegate.swift in Sources */,
				9AEB5F6C2B05C4E800DF5DFF /* SharedBillStatusSmallView.swift in Sources */,
				9A2379892B037BE5001D6BAF /* MixLedger.xcdatamodeld in Sources */,
			);
			runOnlyForDeploymentPostprocessing = 0;
		};
		9A2379902B037BE6001D6BAF /* Sources */ = {
			isa = PBXSourcesBuildPhase;
			buildActionMask = 2147483647;
			files = (
				9A2379992B037BE6001D6BAF /* MixLedgerTests.swift in Sources */,
			);
			runOnlyForDeploymentPostprocessing = 0;
		};
		9A23799A2B037BE6001D6BAF /* Sources */ = {
			isa = PBXSourcesBuildPhase;
			buildActionMask = 2147483647;
			files = (
				9A2379A52B037BE6001D6BAF /* MixLedgerUITestsLaunchTests.swift in Sources */,
				9A2379A32B037BE6001D6BAF /* MixLedgerUITests.swift in Sources */,
			);
			runOnlyForDeploymentPostprocessing = 0;
		};
/* End PBXSourcesBuildPhase section */

/* Begin PBXTargetDependency section */
		9A2379962B037BE6001D6BAF /* PBXTargetDependency */ = {
			isa = PBXTargetDependency;
			target = 9A23797A2B037BE5001D6BAF /* MixLedger */;
			targetProxy = 9A2379952B037BE6001D6BAF /* PBXContainerItemProxy */;
		};
		9A2379A02B037BE6001D6BAF /* PBXTargetDependency */ = {
			isa = PBXTargetDependency;
			target = 9A23797A2B037BE5001D6BAF /* MixLedger */;
			targetProxy = 9A23799F2B037BE6001D6BAF /* PBXContainerItemProxy */;
		};
/* End PBXTargetDependency section */

/* Begin PBXVariantGroup section */
		9A2379842B037BE5001D6BAF /* Main.storyboard */ = {
			isa = PBXVariantGroup;
			children = (
				9A2379852B037BE5001D6BAF /* Base */,
			);
			name = Main.storyboard;
			sourceTree = "<group>";
		};
		9A23798C2B037BE6001D6BAF /* LaunchScreen.storyboard */ = {
			isa = PBXVariantGroup;
			children = (
				9A23798D2B037BE6001D6BAF /* Base */,
			);
			name = LaunchScreen.storyboard;
			sourceTree = "<group>";
		};
/* End PBXVariantGroup section */

/* Begin XCBuildConfiguration section */
		9A2379A62B037BE6001D6BAF /* Debug */ = {
			isa = XCBuildConfiguration;
			buildSettings = {
				ALWAYS_SEARCH_USER_PATHS = NO;
				CLANG_ANALYZER_NONNULL = YES;
				CLANG_ANALYZER_NUMBER_OBJECT_CONVERSION = YES_AGGRESSIVE;
				CLANG_CXX_LANGUAGE_STANDARD = "gnu++20";
				CLANG_ENABLE_MODULES = YES;
				CLANG_ENABLE_OBJC_ARC = YES;
				CLANG_ENABLE_OBJC_WEAK = YES;
				CLANG_WARN_BLOCK_CAPTURE_AUTORELEASING = YES;
				CLANG_WARN_BOOL_CONVERSION = YES;
				CLANG_WARN_COMMA = YES;
				CLANG_WARN_CONSTANT_CONVERSION = YES;
				CLANG_WARN_DEPRECATED_OBJC_IMPLEMENTATIONS = YES;
				CLANG_WARN_DIRECT_OBJC_ISA_USAGE = YES_ERROR;
				CLANG_WARN_DOCUMENTATION_COMMENTS = YES;
				CLANG_WARN_EMPTY_BODY = YES;
				CLANG_WARN_ENUM_CONVERSION = YES;
				CLANG_WARN_INFINITE_RECURSION = YES;
				CLANG_WARN_INT_CONVERSION = YES;
				CLANG_WARN_NON_LITERAL_NULL_CONVERSION = YES;
				CLANG_WARN_OBJC_IMPLICIT_RETAIN_SELF = YES;
				CLANG_WARN_OBJC_LITERAL_CONVERSION = YES;
				CLANG_WARN_OBJC_ROOT_CLASS = YES_ERROR;
				CLANG_WARN_QUOTED_INCLUDE_IN_FRAMEWORK_HEADER = YES;
				CLANG_WARN_RANGE_LOOP_ANALYSIS = YES;
				CLANG_WARN_STRICT_PROTOTYPES = YES;
				CLANG_WARN_SUSPICIOUS_MOVE = YES;
				CLANG_WARN_UNGUARDED_AVAILABILITY = YES_AGGRESSIVE;
				CLANG_WARN_UNREACHABLE_CODE = YES;
				CLANG_WARN__DUPLICATE_METHOD_MATCH = YES;
				COPY_PHASE_STRIP = NO;
				DEBUG_INFORMATION_FORMAT = dwarf;
				ENABLE_STRICT_OBJC_MSGSEND = YES;
				ENABLE_TESTABILITY = YES;
				GCC_C_LANGUAGE_STANDARD = gnu11;
				GCC_DYNAMIC_NO_PIC = NO;
				GCC_NO_COMMON_BLOCKS = YES;
				GCC_OPTIMIZATION_LEVEL = 0;
				GCC_PREPROCESSOR_DEFINITIONS = (
					"DEBUG=1",
					"$(inherited)",
				);
				GCC_WARN_64_TO_32_BIT_CONVERSION = YES;
				GCC_WARN_ABOUT_RETURN_TYPE = YES_ERROR;
				GCC_WARN_UNDECLARED_SELECTOR = YES;
				GCC_WARN_UNINITIALIZED_AUTOS = YES_AGGRESSIVE;
				GCC_WARN_UNUSED_FUNCTION = YES;
				GCC_WARN_UNUSED_VARIABLE = YES;
				IPHONEOS_DEPLOYMENT_TARGET = 16.4;
				MTL_ENABLE_DEBUG_INFO = INCLUDE_SOURCE;
				MTL_FAST_MATH = YES;
				ONLY_ACTIVE_ARCH = YES;
				SDKROOT = iphoneos;
				SWIFT_ACTIVE_COMPILATION_CONDITIONS = DEBUG;
				SWIFT_OPTIMIZATION_LEVEL = "-Onone";
			};
			name = Debug;
		};
		9A2379A72B037BE6001D6BAF /* Release */ = {
			isa = XCBuildConfiguration;
			buildSettings = {
				ALWAYS_SEARCH_USER_PATHS = NO;
				CLANG_ANALYZER_NONNULL = YES;
				CLANG_ANALYZER_NUMBER_OBJECT_CONVERSION = YES_AGGRESSIVE;
				CLANG_CXX_LANGUAGE_STANDARD = "gnu++20";
				CLANG_ENABLE_MODULES = YES;
				CLANG_ENABLE_OBJC_ARC = YES;
				CLANG_ENABLE_OBJC_WEAK = YES;
				CLANG_WARN_BLOCK_CAPTURE_AUTORELEASING = YES;
				CLANG_WARN_BOOL_CONVERSION = YES;
				CLANG_WARN_COMMA = YES;
				CLANG_WARN_CONSTANT_CONVERSION = YES;
				CLANG_WARN_DEPRECATED_OBJC_IMPLEMENTATIONS = YES;
				CLANG_WARN_DIRECT_OBJC_ISA_USAGE = YES_ERROR;
				CLANG_WARN_DOCUMENTATION_COMMENTS = YES;
				CLANG_WARN_EMPTY_BODY = YES;
				CLANG_WARN_ENUM_CONVERSION = YES;
				CLANG_WARN_INFINITE_RECURSION = YES;
				CLANG_WARN_INT_CONVERSION = YES;
				CLANG_WARN_NON_LITERAL_NULL_CONVERSION = YES;
				CLANG_WARN_OBJC_IMPLICIT_RETAIN_SELF = YES;
				CLANG_WARN_OBJC_LITERAL_CONVERSION = YES;
				CLANG_WARN_OBJC_ROOT_CLASS = YES_ERROR;
				CLANG_WARN_QUOTED_INCLUDE_IN_FRAMEWORK_HEADER = YES;
				CLANG_WARN_RANGE_LOOP_ANALYSIS = YES;
				CLANG_WARN_STRICT_PROTOTYPES = YES;
				CLANG_WARN_SUSPICIOUS_MOVE = YES;
				CLANG_WARN_UNGUARDED_AVAILABILITY = YES_AGGRESSIVE;
				CLANG_WARN_UNREACHABLE_CODE = YES;
				CLANG_WARN__DUPLICATE_METHOD_MATCH = YES;
				COPY_PHASE_STRIP = NO;
				DEBUG_INFORMATION_FORMAT = "dwarf-with-dsym";
				ENABLE_NS_ASSERTIONS = NO;
				ENABLE_STRICT_OBJC_MSGSEND = YES;
				GCC_C_LANGUAGE_STANDARD = gnu11;
				GCC_NO_COMMON_BLOCKS = YES;
				GCC_WARN_64_TO_32_BIT_CONVERSION = YES;
				GCC_WARN_ABOUT_RETURN_TYPE = YES_ERROR;
				GCC_WARN_UNDECLARED_SELECTOR = YES;
				GCC_WARN_UNINITIALIZED_AUTOS = YES_AGGRESSIVE;
				GCC_WARN_UNUSED_FUNCTION = YES;
				GCC_WARN_UNUSED_VARIABLE = YES;
				IPHONEOS_DEPLOYMENT_TARGET = 16.4;
				MTL_ENABLE_DEBUG_INFO = NO;
				MTL_FAST_MATH = YES;
				SDKROOT = iphoneos;
				SWIFT_COMPILATION_MODE = wholemodule;
				SWIFT_OPTIMIZATION_LEVEL = "-O";
				VALIDATE_PRODUCT = YES;
			};
			name = Release;
		};
		9A2379A92B037BE6001D6BAF /* Debug */ = {
			isa = XCBuildConfiguration;
			baseConfigurationReference = FE369AA9DEAC77387AAFE5F1 /* Pods-MixLedger.debug.xcconfig */;
			buildSettings = {
				ASSETCATALOG_COMPILER_APPICON_NAME = AppIcon;
				ASSETCATALOG_COMPILER_GLOBAL_ACCENT_COLOR_NAME = AccentColor;
				CODE_SIGN_STYLE = Automatic;
				CURRENT_PROJECT_VERSION = 1;
				GENERATE_INFOPLIST_FILE = YES;
				INFOPLIST_FILE = MixLedger/Info.plist;
				INFOPLIST_KEY_UIApplicationSupportsIndirectInputEvents = YES;
				INFOPLIST_KEY_UILaunchStoryboardName = LaunchScreen;
				INFOPLIST_KEY_UIMainStoryboardFile = Main;
				INFOPLIST_KEY_UISupportedInterfaceOrientations_iPad = "UIInterfaceOrientationPortrait UIInterfaceOrientationPortraitUpsideDown UIInterfaceOrientationLandscapeLeft UIInterfaceOrientationLandscapeRight";
				INFOPLIST_KEY_UISupportedInterfaceOrientations_iPhone = "UIInterfaceOrientationPortrait UIInterfaceOrientationLandscapeLeft UIInterfaceOrientationLandscapeRight";
				LD_RUNPATH_SEARCH_PATHS = (
					"$(inherited)",
					"@executable_path/Frameworks",
				);
				MARKETING_VERSION = 1.0;
				PRODUCT_BUNDLE_IDENTIFIER = puma.MixLedger;
				PRODUCT_NAME = "$(TARGET_NAME)";
				SWIFT_EMIT_LOC_STRINGS = YES;
				SWIFT_VERSION = 5.0;
				TARGETED_DEVICE_FAMILY = "1,2";
			};
			name = Debug;
		};
		9A2379AA2B037BE6001D6BAF /* Release */ = {
			isa = XCBuildConfiguration;
			baseConfigurationReference = E8D38596216FBD8810922766 /* Pods-MixLedger.release.xcconfig */;
			buildSettings = {
				ASSETCATALOG_COMPILER_APPICON_NAME = AppIcon;
				ASSETCATALOG_COMPILER_GLOBAL_ACCENT_COLOR_NAME = AccentColor;
				CODE_SIGN_STYLE = Automatic;
				CURRENT_PROJECT_VERSION = 1;
				GENERATE_INFOPLIST_FILE = YES;
				INFOPLIST_FILE = MixLedger/Info.plist;
				INFOPLIST_KEY_UIApplicationSupportsIndirectInputEvents = YES;
				INFOPLIST_KEY_UILaunchStoryboardName = LaunchScreen;
				INFOPLIST_KEY_UIMainStoryboardFile = Main;
				INFOPLIST_KEY_UISupportedInterfaceOrientations_iPad = "UIInterfaceOrientationPortrait UIInterfaceOrientationPortraitUpsideDown UIInterfaceOrientationLandscapeLeft UIInterfaceOrientationLandscapeRight";
				INFOPLIST_KEY_UISupportedInterfaceOrientations_iPhone = "UIInterfaceOrientationPortrait UIInterfaceOrientationLandscapeLeft UIInterfaceOrientationLandscapeRight";
				LD_RUNPATH_SEARCH_PATHS = (
					"$(inherited)",
					"@executable_path/Frameworks",
				);
				MARKETING_VERSION = 1.0;
				PRODUCT_BUNDLE_IDENTIFIER = puma.MixLedger;
				PRODUCT_NAME = "$(TARGET_NAME)";
				SWIFT_EMIT_LOC_STRINGS = YES;
				SWIFT_VERSION = 5.0;
				TARGETED_DEVICE_FAMILY = "1,2";
			};
			name = Release;
		};
		9A2379AC2B037BE6001D6BAF /* Debug */ = {
			isa = XCBuildConfiguration;
			baseConfigurationReference = BB5BDB5FFA1C9734E762184D /* Pods-MixLedgerTests.debug.xcconfig */;
			buildSettings = {
				ALWAYS_EMBED_SWIFT_STANDARD_LIBRARIES = YES;
				BUNDLE_LOADER = "$(TEST_HOST)";
				CODE_SIGN_STYLE = Automatic;
				CURRENT_PROJECT_VERSION = 1;
				GENERATE_INFOPLIST_FILE = YES;
				IPHONEOS_DEPLOYMENT_TARGET = 16.4;
				MARKETING_VERSION = 1.0;
				PRODUCT_BUNDLE_IDENTIFIER = puma.MixLedgerTests;
				PRODUCT_NAME = "$(TARGET_NAME)";
				SWIFT_EMIT_LOC_STRINGS = NO;
				SWIFT_VERSION = 5.0;
				TARGETED_DEVICE_FAMILY = "1,2";
				TEST_HOST = "$(BUILT_PRODUCTS_DIR)/MixLedger.app/$(BUNDLE_EXECUTABLE_FOLDER_PATH)/MixLedger";
			};
			name = Debug;
		};
		9A2379AD2B037BE6001D6BAF /* Release */ = {
			isa = XCBuildConfiguration;
			baseConfigurationReference = 4522745B7528846AF66E8877 /* Pods-MixLedgerTests.release.xcconfig */;
			buildSettings = {
				ALWAYS_EMBED_SWIFT_STANDARD_LIBRARIES = YES;
				BUNDLE_LOADER = "$(TEST_HOST)";
				CODE_SIGN_STYLE = Automatic;
				CURRENT_PROJECT_VERSION = 1;
				GENERATE_INFOPLIST_FILE = YES;
				IPHONEOS_DEPLOYMENT_TARGET = 16.4;
				MARKETING_VERSION = 1.0;
				PRODUCT_BUNDLE_IDENTIFIER = puma.MixLedgerTests;
				PRODUCT_NAME = "$(TARGET_NAME)";
				SWIFT_EMIT_LOC_STRINGS = NO;
				SWIFT_VERSION = 5.0;
				TARGETED_DEVICE_FAMILY = "1,2";
				TEST_HOST = "$(BUILT_PRODUCTS_DIR)/MixLedger.app/$(BUNDLE_EXECUTABLE_FOLDER_PATH)/MixLedger";
			};
			name = Release;
		};
		9A2379AF2B037BE6001D6BAF /* Debug */ = {
			isa = XCBuildConfiguration;
			baseConfigurationReference = CA6B2D8D68F7BE48919B5970 /* Pods-MixLedger-MixLedgerUITests.debug.xcconfig */;
			buildSettings = {
				ALWAYS_EMBED_SWIFT_STANDARD_LIBRARIES = YES;
				CODE_SIGN_STYLE = Automatic;
				CURRENT_PROJECT_VERSION = 1;
				GENERATE_INFOPLIST_FILE = YES;
				MARKETING_VERSION = 1.0;
				PRODUCT_BUNDLE_IDENTIFIER = puma.MixLedgerUITests;
				PRODUCT_NAME = "$(TARGET_NAME)";
				SWIFT_EMIT_LOC_STRINGS = NO;
				SWIFT_VERSION = 5.0;
				TARGETED_DEVICE_FAMILY = "1,2";
				TEST_TARGET_NAME = MixLedger;
			};
			name = Debug;
		};
		9A2379B02B037BE6001D6BAF /* Release */ = {
			isa = XCBuildConfiguration;
			baseConfigurationReference = 8EA2956F7C3EED154D156F16 /* Pods-MixLedger-MixLedgerUITests.release.xcconfig */;
			buildSettings = {
				ALWAYS_EMBED_SWIFT_STANDARD_LIBRARIES = YES;
				CODE_SIGN_STYLE = Automatic;
				CURRENT_PROJECT_VERSION = 1;
				GENERATE_INFOPLIST_FILE = YES;
				MARKETING_VERSION = 1.0;
				PRODUCT_BUNDLE_IDENTIFIER = puma.MixLedgerUITests;
				PRODUCT_NAME = "$(TARGET_NAME)";
				SWIFT_EMIT_LOC_STRINGS = NO;
				SWIFT_VERSION = 5.0;
				TARGETED_DEVICE_FAMILY = "1,2";
				TEST_TARGET_NAME = MixLedger;
			};
			name = Release;
		};
/* End XCBuildConfiguration section */

/* Begin XCConfigurationList section */
		9A2379762B037BE5001D6BAF /* Build configuration list for PBXProject "MixLedger" */ = {
			isa = XCConfigurationList;
			buildConfigurations = (
				9A2379A62B037BE6001D6BAF /* Debug */,
				9A2379A72B037BE6001D6BAF /* Release */,
			);
			defaultConfigurationIsVisible = 0;
			defaultConfigurationName = Release;
		};
		9A2379A82B037BE6001D6BAF /* Build configuration list for PBXNativeTarget "MixLedger" */ = {
			isa = XCConfigurationList;
			buildConfigurations = (
				9A2379A92B037BE6001D6BAF /* Debug */,
				9A2379AA2B037BE6001D6BAF /* Release */,
			);
			defaultConfigurationIsVisible = 0;
			defaultConfigurationName = Release;
		};
		9A2379AB2B037BE6001D6BAF /* Build configuration list for PBXNativeTarget "MixLedgerTests" */ = {
			isa = XCConfigurationList;
			buildConfigurations = (
				9A2379AC2B037BE6001D6BAF /* Debug */,
				9A2379AD2B037BE6001D6BAF /* Release */,
			);
			defaultConfigurationIsVisible = 0;
			defaultConfigurationName = Release;
		};
		9A2379AE2B037BE6001D6BAF /* Build configuration list for PBXNativeTarget "MixLedgerUITests" */ = {
			isa = XCConfigurationList;
			buildConfigurations = (
				9A2379AF2B037BE6001D6BAF /* Debug */,
				9A2379B02B037BE6001D6BAF /* Release */,
			);
			defaultConfigurationIsVisible = 0;
			defaultConfigurationName = Release;
		};
/* End XCConfigurationList section */

/* Begin XCVersionGroup section */
		9A2379872B037BE5001D6BAF /* MixLedger.xcdatamodeld */ = {
			isa = XCVersionGroup;
			children = (
				9A2379882B037BE5001D6BAF /* MixLedger.xcdatamodel */,
			);
			currentVersion = 9A2379882B037BE5001D6BAF /* MixLedger.xcdatamodel */;
			path = MixLedger.xcdatamodeld;
			sourceTree = "<group>";
			versionGroupType = wrapper.xcdatamodel;
		};
/* End XCVersionGroup section */
	};
	rootObject = 9A2379732B037BE5001D6BAF /* Project object */;
}
