// !$*UTF8*$!
{
	archiveVersion = 1;
	classes = {
	};
	objectVersion = 56;
	objects = {

/* Begin PBXBuildFile section */
		2092FE69C097DCD98CFF1977 /* Pods_MixLedger.framework in Frameworks */ = {isa = PBXBuildFile; fileRef = EC5B346F3C9CF0E0C0ECC794 /* Pods_MixLedger.framework */; };
		60822F42FE45A90BB469E829 /* Pods_MixLedgerTests.framework in Frameworks */ = {isa = PBXBuildFile; fileRef = 81EC12179D6871B622981DE0 /* Pods_MixLedgerTests.framework */; };
		9A004A4C2B0A0DD4005C0258 /* RealData.swift in Sources */ = {isa = PBXBuildFile; fileRef = 9A004A4B2B0A0DD4005C0258 /* RealData.swift */; };
		9A23797F2B037BE5001D6BAF /* AppDelegate.swift in Sources */ = {isa = PBXBuildFile; fileRef = 9A23797E2B037BE5001D6BAF /* AppDelegate.swift */; };
		9A2379812B037BE5001D6BAF /* SceneDelegate.swift in Sources */ = {isa = PBXBuildFile; fileRef = 9A2379802B037BE5001D6BAF /* SceneDelegate.swift */; };
		9A2379832B037BE5001D6BAF /* HomeViewController.swift in Sources */ = {isa = PBXBuildFile; fileRef = 9A2379822B037BE5001D6BAF /* HomeViewController.swift */; };
		9A2379862B037BE5001D6BAF /* Main.storyboard in Resources */ = {isa = PBXBuildFile; fileRef = 9A2379842B037BE5001D6BAF /* Main.storyboard */; };
		9A2379892B037BE5001D6BAF /* MixLedger.xcdatamodeld in Sources */ = {isa = PBXBuildFile; fileRef = 9A2379872B037BE5001D6BAF /* MixLedger.xcdatamodeld */; };
		9A23798B2B037BE6001D6BAF /* Assets.xcassets in Resources */ = {isa = PBXBuildFile; fileRef = 9A23798A2B037BE6001D6BAF /* Assets.xcassets */; };
		9A23798E2B037BE6001D6BAF /* LaunchScreen.storyboard in Resources */ = {isa = PBXBuildFile; fileRef = 9A23798C2B037BE6001D6BAF /* LaunchScreen.storyboard */; };
		9A2379992B037BE6001D6BAF /* MixLedgerTests.swift in Sources */ = {isa = PBXBuildFile; fileRef = 9A2379982B037BE6001D6BAF /* MixLedgerTests.swift */; };
		9A2379A32B037BE6001D6BAF /* MixLedgerUITests.swift in Sources */ = {isa = PBXBuildFile; fileRef = 9A2379A22B037BE6001D6BAF /* MixLedgerUITests.swift */; };
		9A2379A52B037BE6001D6BAF /* MixLedgerUITestsLaunchTests.swift in Sources */ = {isa = PBXBuildFile; fileRef = 9A2379A42B037BE6001D6BAF /* MixLedgerUITestsLaunchTests.swift */; };
		9A3042ED2B11CFC200FFEEB0 /* ScanInvoiceViewController.swift in Sources */ = {isa = PBXBuildFile; fileRef = 9A3042EC2B11CFC200FFEEB0 /* ScanInvoiceViewController.swift */; };
		9A3042F12B11DFCD00FFEEB0 /* ANIInvoiceTableViewCell.swift in Sources */ = {isa = PBXBuildFile; fileRef = 9A3042F02B11DFCD00FFEEB0 /* ANIInvoiceTableViewCell.swift */; };
		9A3042F32B123E4A00FFEEB0 /* ScanInvoiceManager.swift in Sources */ = {isa = PBXBuildFile; fileRef = 9A3042F22B123E4A00FFEEB0 /* ScanInvoiceManager.swift */; };
		9A50ADC52B0F4BD50099351D /* SelectMemberViewController.swift in Sources */ = {isa = PBXBuildFile; fileRef = 9A50ADC42B0F4BD50099351D /* SelectMemberViewController.swift */; };
		9A50ADC72B0F51EA0099351D /* SelectMemberTableViewCell.swift in Sources */ = {isa = PBXBuildFile; fileRef = 9A50ADC62B0F51EA0099351D /* SelectMemberTableViewCell.swift */; };
		9A524CD72B0DCF0500B232D4 /* SearchAllUserViewController.swift in Sources */ = {isa = PBXBuildFile; fileRef = 9A524CD62B0DCF0500B232D4 /* SearchAllUserViewController.swift */; };
		9A524CD92B0DDFFE00B232D4 /* SearchUserTableViewCell.swift in Sources */ = {isa = PBXBuildFile; fileRef = 9A524CD82B0DDFFE00B232D4 /* SearchUserTableViewCell.swift */; };
		9A524CDB2B0E089E00B232D4 /* MessageViewController.swift in Sources */ = {isa = PBXBuildFile; fileRef = 9A524CDA2B0E089E00B232D4 /* MessageViewController.swift */; };
		9A524CDD2B0E0F9D00B232D4 /* InviteMessageTableViewCell.swift in Sources */ = {isa = PBXBuildFile; fileRef = 9A524CDC2B0E0F9D00B232D4 /* InviteMessageTableViewCell.swift */; };
		9A83B19A2B0F889700C4C263 /* ShowMemberTableViewCell.swift in Sources */ = {isa = PBXBuildFile; fileRef = 9A83B1992B0F889700C4C263 /* ShowMemberTableViewCell.swift */; };
		9AB2CA8E2B0C54FD00AE677C /* AddNewAccountViewController.swift in Sources */ = {isa = PBXBuildFile; fileRef = 9AB2CA8D2B0C54FD00AE677C /* AddNewAccountViewController.swift */; };
		9AB2CA902B0C911200AE677C /* ANAIconCollectionViewCell.swift in Sources */ = {isa = PBXBuildFile; fileRef = 9AB2CA8F2B0C911200AE677C /* ANAIconCollectionViewCell.swift */; };
		9AB3DC3A2B0905A3003E70D4 /* FirebaseAnalytics in Frameworks */ = {isa = PBXBuildFile; productRef = 9AB3DC392B0905A3003E70D4 /* FirebaseAnalytics */; };
		9AB3DC3C2B0905A3003E70D4 /* FirebaseAnalyticsOnDeviceConversion in Frameworks */ = {isa = PBXBuildFile; productRef = 9AB3DC3B2B0905A3003E70D4 /* FirebaseAnalyticsOnDeviceConversion */; };
		9AB3DC3E2B0905A3003E70D4 /* FirebaseAnalyticsSwift in Frameworks */ = {isa = PBXBuildFile; productRef = 9AB3DC3D2B0905A3003E70D4 /* FirebaseAnalyticsSwift */; };
		9AB3DC402B0905A3003E70D4 /* FirebaseAnalyticsWithoutAdIdSupport in Frameworks */ = {isa = PBXBuildFile; productRef = 9AB3DC3F2B0905A3003E70D4 /* FirebaseAnalyticsWithoutAdIdSupport */; };
		9AB3DC422B0905A3003E70D4 /* FirebaseAppCheck in Frameworks */ = {isa = PBXBuildFile; productRef = 9AB3DC412B0905A3003E70D4 /* FirebaseAppCheck */; };
		9AB3DC442B0905A3003E70D4 /* FirebaseAppDistribution-Beta in Frameworks */ = {isa = PBXBuildFile; productRef = 9AB3DC432B0905A3003E70D4 /* FirebaseAppDistribution-Beta */; };
		9AB3DC462B0905A3003E70D4 /* FirebaseAuth in Frameworks */ = {isa = PBXBuildFile; productRef = 9AB3DC452B0905A3003E70D4 /* FirebaseAuth */; };
		9AB3DC482B0905A3003E70D4 /* FirebaseAuthCombine-Community in Frameworks */ = {isa = PBXBuildFile; productRef = 9AB3DC472B0905A3003E70D4 /* FirebaseAuthCombine-Community */; };
		9AB3DC4A2B0905A3003E70D4 /* FirebaseCrashlytics in Frameworks */ = {isa = PBXBuildFile; productRef = 9AB3DC492B0905A3003E70D4 /* FirebaseCrashlytics */; };
		9AB3DC4C2B0905A3003E70D4 /* FirebaseDatabase in Frameworks */ = {isa = PBXBuildFile; productRef = 9AB3DC4B2B0905A3003E70D4 /* FirebaseDatabase */; };
		9AB3DC4E2B0905A3003E70D4 /* FirebaseDatabaseSwift in Frameworks */ = {isa = PBXBuildFile; productRef = 9AB3DC4D2B0905A3003E70D4 /* FirebaseDatabaseSwift */; };
		9AB3DC502B0905A3003E70D4 /* FirebaseDynamicLinks in Frameworks */ = {isa = PBXBuildFile; productRef = 9AB3DC4F2B0905A3003E70D4 /* FirebaseDynamicLinks */; };
		9AB3DC522B0905A3003E70D4 /* FirebaseFirestore in Frameworks */ = {isa = PBXBuildFile; productRef = 9AB3DC512B0905A3003E70D4 /* FirebaseFirestore */; };
		9AB3DC542B0905A3003E70D4 /* FirebaseFirestoreCombine-Community in Frameworks */ = {isa = PBXBuildFile; productRef = 9AB3DC532B0905A3003E70D4 /* FirebaseFirestoreCombine-Community */; };
		9AB3DC562B0905A3003E70D4 /* FirebaseFirestoreSwift in Frameworks */ = {isa = PBXBuildFile; productRef = 9AB3DC552B0905A3003E70D4 /* FirebaseFirestoreSwift */; };
		9AB3DC582B0905A3003E70D4 /* FirebaseFunctions in Frameworks */ = {isa = PBXBuildFile; productRef = 9AB3DC572B0905A3003E70D4 /* FirebaseFunctions */; };
		9AB3DC5A2B0905A3003E70D4 /* FirebaseFunctionsCombine-Community in Frameworks */ = {isa = PBXBuildFile; productRef = 9AB3DC592B0905A3003E70D4 /* FirebaseFunctionsCombine-Community */; };
		9AB3DC5C2B0905A3003E70D4 /* FirebaseInAppMessaging-Beta in Frameworks */ = {isa = PBXBuildFile; productRef = 9AB3DC5B2B0905A3003E70D4 /* FirebaseInAppMessaging-Beta */; };
		9AB3DC5E2B0905A3003E70D4 /* FirebaseInAppMessagingSwift-Beta in Frameworks */ = {isa = PBXBuildFile; productRef = 9AB3DC5D2B0905A3003E70D4 /* FirebaseInAppMessagingSwift-Beta */; };
		9AB3DC602B0905A3003E70D4 /* FirebaseInstallations in Frameworks */ = {isa = PBXBuildFile; productRef = 9AB3DC5F2B0905A3003E70D4 /* FirebaseInstallations */; };
		9AB3DC622B0905A3003E70D4 /* FirebaseMLModelDownloader in Frameworks */ = {isa = PBXBuildFile; productRef = 9AB3DC612B0905A3003E70D4 /* FirebaseMLModelDownloader */; };
		9AB3DC642B0905A3003E70D4 /* FirebaseMessaging in Frameworks */ = {isa = PBXBuildFile; productRef = 9AB3DC632B0905A3003E70D4 /* FirebaseMessaging */; };
		9AB3DC662B0905A3003E70D4 /* FirebasePerformance in Frameworks */ = {isa = PBXBuildFile; productRef = 9AB3DC652B0905A3003E70D4 /* FirebasePerformance */; };
		9AB3DC682B0905A3003E70D4 /* FirebaseRemoteConfig in Frameworks */ = {isa = PBXBuildFile; productRef = 9AB3DC672B0905A3003E70D4 /* FirebaseRemoteConfig */; };
		9AB3DC6A2B0905A3003E70D4 /* FirebaseRemoteConfigSwift in Frameworks */ = {isa = PBXBuildFile; productRef = 9AB3DC692B0905A3003E70D4 /* FirebaseRemoteConfigSwift */; };
		9AB3DC6C2B0905A3003E70D4 /* FirebaseStorage in Frameworks */ = {isa = PBXBuildFile; productRef = 9AB3DC6B2B0905A3003E70D4 /* FirebaseStorage */; };
		9AB3DC6E2B0905A3003E70D4 /* FirebaseStorageCombine-Community in Frameworks */ = {isa = PBXBuildFile; productRef = 9AB3DC6D2B0905A3003E70D4 /* FirebaseStorageCombine-Community */; };
		9ACA6EF12B08513900201A44 /* GoogleService-Info.plist in Resources */ = {isa = PBXBuildFile; fileRef = 9ACA6EF02B08513900201A44 /* GoogleService-Info.plist */; };
		9ACA6EFE2B08AB3300201A44 /* FirebaseManager.swift in Sources */ = {isa = PBXBuildFile; fileRef = 9ACA6EFD2B08AB3300201A44 /* FirebaseManager.swift */; };
		9ACA6F002B08ADF800201A44 /* ANISelectDateTableViewCell.swift in Sources */ = {isa = PBXBuildFile; fileRef = 9ACA6EFF2B08ADF800201A44 /* ANISelectDateTableViewCell.swift */; };
		9AEB5F6C2B05C4E800DF5DFF /* SharedBillStatusSmallView.swift in Sources */ = {isa = PBXBuildFile; fileRef = 9AEB5F6B2B05C4E800DF5DFF /* SharedBillStatusSmallView.swift */; };
		9AEB5F6E2B05F0E600DF5DFF /* ex-image.swift in Sources */ = {isa = PBXBuildFile; fileRef = 9AEB5F6D2B05F0E600DF5DFF /* ex-image.swift */; };
		9AEB5F712B06041400DF5DFF /* BillTableViewCell.swift in Sources */ = {isa = PBXBuildFile; fileRef = 9AEB5F6F2B06041400DF5DFF /* BillTableViewCell.swift */; };
		9AEB5F722B06041400DF5DFF /* BillTableViewCell.xib in Resources */ = {isa = PBXBuildFile; fileRef = 9AEB5F702B06041400DF5DFF /* BillTableViewCell.xib */; };
		9AEB5F742B0608D100DF5DFF /* ShowMoneyFormat.swift in Sources */ = {isa = PBXBuildFile; fileRef = 9AEB5F732B0608D100DF5DFF /* ShowMoneyFormat.swift */; };
		9AEB5F7A2B062FE400DF5DFF /* SharedBillStatusOpenView.swift in Sources */ = {isa = PBXBuildFile; fileRef = 9AEB5F792B062FE400DF5DFF /* SharedBillStatusOpenView.swift */; };
		9AEB5F7C2B0635EA00DF5DFF /* SBSVUsersTableViewCell.swift in Sources */ = {isa = PBXBuildFile; fileRef = 9AEB5F7B2B0635EA00DF5DFF /* SBSVUsersTableViewCell.swift */; };
		9AEB5F7E2B07133400DF5DFF /* BillStatusTableViewCell.swift in Sources */ = {isa = PBXBuildFile; fileRef = 9AEB5F7D2B07133400DF5DFF /* BillStatusTableViewCell.swift */; };
		9AEB5F812B07335C00DF5DFF /* AllAccountBookViewController.swift in Sources */ = {isa = PBXBuildFile; fileRef = 9AEB5F802B07335C00DF5DFF /* AllAccountBookViewController.swift */; };
		9AEB5F832B07349400DF5DFF /* Allicon.swift in Sources */ = {isa = PBXBuildFile; fileRef = 9AEB5F822B07349400DF5DFF /* Allicon.swift */; };
		9AEB5F852B073E8200DF5DFF /* AccountTableViewCell.swift in Sources */ = {isa = PBXBuildFile; fileRef = 9AEB5F842B073E8200DF5DFF /* AccountTableViewCell.swift */; };
		9AEB5F872B07420200DF5DFF /* FakeData.swift in Sources */ = {isa = PBXBuildFile; fileRef = 9AEB5F862B07420200DF5DFF /* FakeData.swift */; };
		9AEB5F892B075E1800DF5DFF /* AddNewItemViewController.swift in Sources */ = {isa = PBXBuildFile; fileRef = 9AEB5F882B075E1800DF5DFF /* AddNewItemViewController.swift */; };
		9AEB5F8C2B0763C300DF5DFF /* ANIMoneyTableViewCell.swift in Sources */ = {isa = PBXBuildFile; fileRef = 9AEB5F8B2B0763C300DF5DFF /* ANIMoneyTableViewCell.swift */; };
		9AEB5F8E2B07B0E800DF5DFF /* ANITypeTableViewCell.swift in Sources */ = {isa = PBXBuildFile; fileRef = 9AEB5F8D2B07B0E800DF5DFF /* ANITypeTableViewCell.swift */; };
		9AEB5F902B07B8E100DF5DFF /* AddNewItemModelTableViewCell.swift in Sources */ = {isa = PBXBuildFile; fileRef = 9AEB5F8F2B07B8E100DF5DFF /* AddNewItemModelTableViewCell.swift */; };
		9AEB5F922B07BCA100DF5DFF /* ANIMemberTableViewCell.swift in Sources */ = {isa = PBXBuildFile; fileRef = 9AEB5F912B07BCA100DF5DFF /* ANIMemberTableViewCell.swift */; };
		FDB16591E2978C19AD88A874 /* Pods_MixLedger_MixLedgerUITests.framework in Frameworks */ = {isa = PBXBuildFile; fileRef = 84AFB309EA80B9C8358C9053 /* Pods_MixLedger_MixLedgerUITests.framework */; };
/* End PBXBuildFile section */

/* Begin PBXContainerItemProxy section */
		9A2379952B037BE6001D6BAF /* PBXContainerItemProxy */ = {
			isa = PBXContainerItemProxy;
			containerPortal = 9A2379732B037BE5001D6BAF /* Project object */;
			proxyType = 1;
			remoteGlobalIDString = 9A23797A2B037BE5001D6BAF;
			remoteInfo = MixLedger;
		};
		9A23799F2B037BE6001D6BAF /* PBXContainerItemProxy */ = {
			isa = PBXContainerItemProxy;
			containerPortal = 9A2379732B037BE5001D6BAF /* Project object */;
			proxyType = 1;
			remoteGlobalIDString = 9A23797A2B037BE5001D6BAF;
			remoteInfo = MixLedger;
		};
/* End PBXContainerItemProxy section */

/* Begin PBXFileReference section */
		323EF12708523EDD0A064EAF /* Pods-MixLedgerTests.release.xcconfig */ = {isa = PBXFileReference; includeInIndex = 1; lastKnownFileType = text.xcconfig; name = "Pods-MixLedgerTests.release.xcconfig"; path = "Target Support Files/Pods-MixLedgerTests/Pods-MixLedgerTests.release.xcconfig"; sourceTree = "<group>"; };
		4B44E33214ACB9C219E28592 /* Pods-MixLedger.release.xcconfig */ = {isa = PBXFileReference; includeInIndex = 1; lastKnownFileType = text.xcconfig; name = "Pods-MixLedger.release.xcconfig"; path = "Target Support Files/Pods-MixLedger/Pods-MixLedger.release.xcconfig"; sourceTree = "<group>"; };
		81EC12179D6871B622981DE0 /* Pods_MixLedgerTests.framework */ = {isa = PBXFileReference; explicitFileType = wrapper.framework; includeInIndex = 0; path = Pods_MixLedgerTests.framework; sourceTree = BUILT_PRODUCTS_DIR; };
		84AFB309EA80B9C8358C9053 /* Pods_MixLedger_MixLedgerUITests.framework */ = {isa = PBXFileReference; explicitFileType = wrapper.framework; includeInIndex = 0; path = Pods_MixLedger_MixLedgerUITests.framework; sourceTree = BUILT_PRODUCTS_DIR; };
		9919C3D5EA100989BB9F08A4 /* Pods-MixLedger-MixLedgerUITests.debug.xcconfig */ = {isa = PBXFileReference; includeInIndex = 1; lastKnownFileType = text.xcconfig; name = "Pods-MixLedger-MixLedgerUITests.debug.xcconfig"; path = "Target Support Files/Pods-MixLedger-MixLedgerUITests/Pods-MixLedger-MixLedgerUITests.debug.xcconfig"; sourceTree = "<group>"; };
		9A004A4B2B0A0DD4005C0258 /* RealData.swift */ = {isa = PBXFileReference; lastKnownFileType = sourcecode.swift; path = RealData.swift; sourceTree = "<group>"; };
		9A23797B2B037BE5001D6BAF /* MixLedger.app */ = {isa = PBXFileReference; explicitFileType = wrapper.application; includeInIndex = 0; path = MixLedger.app; sourceTree = BUILT_PRODUCTS_DIR; };
		9A23797E2B037BE5001D6BAF /* AppDelegate.swift */ = {isa = PBXFileReference; lastKnownFileType = sourcecode.swift; path = AppDelegate.swift; sourceTree = "<group>"; };
		9A2379802B037BE5001D6BAF /* SceneDelegate.swift */ = {isa = PBXFileReference; lastKnownFileType = sourcecode.swift; path = SceneDelegate.swift; sourceTree = "<group>"; };
		9A2379822B037BE5001D6BAF /* HomeViewController.swift */ = {isa = PBXFileReference; lastKnownFileType = sourcecode.swift; path = HomeViewController.swift; sourceTree = "<group>"; };
		9A2379852B037BE5001D6BAF /* Base */ = {isa = PBXFileReference; lastKnownFileType = file.storyboard; name = Base; path = Base.lproj/Main.storyboard; sourceTree = "<group>"; };
		9A2379882B037BE5001D6BAF /* MixLedger.xcdatamodel */ = {isa = PBXFileReference; lastKnownFileType = wrapper.xcdatamodel; path = MixLedger.xcdatamodel; sourceTree = "<group>"; };
		9A23798A2B037BE6001D6BAF /* Assets.xcassets */ = {isa = PBXFileReference; lastKnownFileType = folder.assetcatalog; path = Assets.xcassets; sourceTree = "<group>"; };
		9A23798D2B037BE6001D6BAF /* Base */ = {isa = PBXFileReference; lastKnownFileType = file.storyboard; name = Base; path = Base.lproj/LaunchScreen.storyboard; sourceTree = "<group>"; };
		9A23798F2B037BE6001D6BAF /* Info.plist */ = {isa = PBXFileReference; lastKnownFileType = text.plist.xml; path = Info.plist; sourceTree = "<group>"; };
		9A2379942B037BE6001D6BAF /* MixLedgerTests.xctest */ = {isa = PBXFileReference; explicitFileType = wrapper.cfbundle; includeInIndex = 0; path = MixLedgerTests.xctest; sourceTree = BUILT_PRODUCTS_DIR; };
		9A2379982B037BE6001D6BAF /* MixLedgerTests.swift */ = {isa = PBXFileReference; lastKnownFileType = sourcecode.swift; path = MixLedgerTests.swift; sourceTree = "<group>"; };
		9A23799E2B037BE6001D6BAF /* MixLedgerUITests.xctest */ = {isa = PBXFileReference; explicitFileType = wrapper.cfbundle; includeInIndex = 0; path = MixLedgerUITests.xctest; sourceTree = BUILT_PRODUCTS_DIR; };
		9A2379A22B037BE6001D6BAF /* MixLedgerUITests.swift */ = {isa = PBXFileReference; lastKnownFileType = sourcecode.swift; path = MixLedgerUITests.swift; sourceTree = "<group>"; };
		9A2379A42B037BE6001D6BAF /* MixLedgerUITestsLaunchTests.swift */ = {isa = PBXFileReference; lastKnownFileType = sourcecode.swift; path = MixLedgerUITestsLaunchTests.swift; sourceTree = "<group>"; };
		9A3042EC2B11CFC200FFEEB0 /* ScanInvoiceViewController.swift */ = {isa = PBXFileReference; lastKnownFileType = sourcecode.swift; path = ScanInvoiceViewController.swift; sourceTree = "<group>"; };
		9A3042F02B11DFCD00FFEEB0 /* ANIInvoiceTableViewCell.swift */ = {isa = PBXFileReference; lastKnownFileType = sourcecode.swift; path = ANIInvoiceTableViewCell.swift; sourceTree = "<group>"; };
		9A3042F22B123E4A00FFEEB0 /* ScanInvoiceManager.swift */ = {isa = PBXFileReference; lastKnownFileType = sourcecode.swift; path = ScanInvoiceManager.swift; sourceTree = "<group>"; };
		9A50ADC42B0F4BD50099351D /* SelectMemberViewController.swift */ = {isa = PBXFileReference; lastKnownFileType = sourcecode.swift; path = SelectMemberViewController.swift; sourceTree = "<group>"; };
		9A50ADC62B0F51EA0099351D /* SelectMemberTableViewCell.swift */ = {isa = PBXFileReference; lastKnownFileType = sourcecode.swift; path = SelectMemberTableViewCell.swift; sourceTree = "<group>"; };
		9A524CD62B0DCF0500B232D4 /* SearchAllUserViewController.swift */ = {isa = PBXFileReference; lastKnownFileType = sourcecode.swift; path = SearchAllUserViewController.swift; sourceTree = "<group>"; };
		9A524CD82B0DDFFE00B232D4 /* SearchUserTableViewCell.swift */ = {isa = PBXFileReference; lastKnownFileType = sourcecode.swift; path = SearchUserTableViewCell.swift; sourceTree = "<group>"; };
		9A524CDA2B0E089E00B232D4 /* MessageViewController.swift */ = {isa = PBXFileReference; lastKnownFileType = sourcecode.swift; path = MessageViewController.swift; sourceTree = "<group>"; };
		9A524CDC2B0E0F9D00B232D4 /* InviteMessageTableViewCell.swift */ = {isa = PBXFileReference; lastKnownFileType = sourcecode.swift; path = InviteMessageTableViewCell.swift; sourceTree = "<group>"; };
		9A83B1992B0F889700C4C263 /* ShowMemberTableViewCell.swift */ = {isa = PBXFileReference; lastKnownFileType = sourcecode.swift; path = ShowMemberTableViewCell.swift; sourceTree = "<group>"; };
		9AB2CA8D2B0C54FD00AE677C /* AddNewAccountViewController.swift */ = {isa = PBXFileReference; lastKnownFileType = sourcecode.swift; path = AddNewAccountViewController.swift; sourceTree = "<group>"; };
		9AB2CA8F2B0C911200AE677C /* ANAIconCollectionViewCell.swift */ = {isa = PBXFileReference; lastKnownFileType = sourcecode.swift; path = ANAIconCollectionViewCell.swift; sourceTree = "<group>"; };
		9ACA6EF02B08513900201A44 /* GoogleService-Info.plist */ = {isa = PBXFileReference; fileEncoding = 4; lastKnownFileType = text.plist.xml; path = "GoogleService-Info.plist"; sourceTree = "<group>"; };
		9ACA6EFD2B08AB3300201A44 /* FirebaseManager.swift */ = {isa = PBXFileReference; lastKnownFileType = sourcecode.swift; path = FirebaseManager.swift; sourceTree = "<group>"; };
		9ACA6EFF2B08ADF800201A44 /* ANISelectDateTableViewCell.swift */ = {isa = PBXFileReference; lastKnownFileType = sourcecode.swift; path = ANISelectDateTableViewCell.swift; sourceTree = "<group>"; };
		9AEB5F6B2B05C4E800DF5DFF /* SharedBillStatusSmallView.swift */ = {isa = PBXFileReference; lastKnownFileType = sourcecode.swift; path = SharedBillStatusSmallView.swift; sourceTree = "<group>"; };
		9AEB5F6D2B05F0E600DF5DFF /* ex-image.swift */ = {isa = PBXFileReference; lastKnownFileType = sourcecode.swift; path = "ex-image.swift"; sourceTree = "<group>"; };
		9AEB5F6F2B06041400DF5DFF /* BillTableViewCell.swift */ = {isa = PBXFileReference; lastKnownFileType = sourcecode.swift; path = BillTableViewCell.swift; sourceTree = "<group>"; };
		9AEB5F702B06041400DF5DFF /* BillTableViewCell.xib */ = {isa = PBXFileReference; lastKnownFileType = file.xib; path = BillTableViewCell.xib; sourceTree = "<group>"; };
		9AEB5F732B0608D100DF5DFF /* ShowMoneyFormat.swift */ = {isa = PBXFileReference; lastKnownFileType = sourcecode.swift; path = ShowMoneyFormat.swift; sourceTree = "<group>"; };
		9AEB5F792B062FE400DF5DFF /* SharedBillStatusOpenView.swift */ = {isa = PBXFileReference; lastKnownFileType = sourcecode.swift; path = SharedBillStatusOpenView.swift; sourceTree = "<group>"; };
		9AEB5F7B2B0635EA00DF5DFF /* SBSVUsersTableViewCell.swift */ = {isa = PBXFileReference; lastKnownFileType = sourcecode.swift; path = SBSVUsersTableViewCell.swift; sourceTree = "<group>"; };
		9AEB5F7D2B07133400DF5DFF /* BillStatusTableViewCell.swift */ = {isa = PBXFileReference; lastKnownFileType = sourcecode.swift; path = BillStatusTableViewCell.swift; sourceTree = "<group>"; };
		9AEB5F802B07335C00DF5DFF /* AllAccountBookViewController.swift */ = {isa = PBXFileReference; lastKnownFileType = sourcecode.swift; path = AllAccountBookViewController.swift; sourceTree = "<group>"; };
		9AEB5F822B07349400DF5DFF /* Allicon.swift */ = {isa = PBXFileReference; lastKnownFileType = sourcecode.swift; path = Allicon.swift; sourceTree = "<group>"; };
		9AEB5F842B073E8200DF5DFF /* AccountTableViewCell.swift */ = {isa = PBXFileReference; lastKnownFileType = sourcecode.swift; path = AccountTableViewCell.swift; sourceTree = "<group>"; };
		9AEB5F862B07420200DF5DFF /* FakeData.swift */ = {isa = PBXFileReference; lastKnownFileType = sourcecode.swift; path = FakeData.swift; sourceTree = "<group>"; };
		9AEB5F882B075E1800DF5DFF /* AddNewItemViewController.swift */ = {isa = PBXFileReference; lastKnownFileType = sourcecode.swift; path = AddNewItemViewController.swift; sourceTree = "<group>"; };
		9AEB5F8B2B0763C300DF5DFF /* ANIMoneyTableViewCell.swift */ = {isa = PBXFileReference; lastKnownFileType = sourcecode.swift; path = ANIMoneyTableViewCell.swift; sourceTree = "<group>"; };
		9AEB5F8D2B07B0E800DF5DFF /* ANITypeTableViewCell.swift */ = {isa = PBXFileReference; lastKnownFileType = sourcecode.swift; path = ANITypeTableViewCell.swift; sourceTree = "<group>"; };
		9AEB5F8F2B07B8E100DF5DFF /* AddNewItemModelTableViewCell.swift */ = {isa = PBXFileReference; lastKnownFileType = sourcecode.swift; path = AddNewItemModelTableViewCell.swift; sourceTree = "<group>"; };
		9AEB5F912B07BCA100DF5DFF /* ANIMemberTableViewCell.swift */ = {isa = PBXFileReference; lastKnownFileType = sourcecode.swift; path = ANIMemberTableViewCell.swift; sourceTree = "<group>"; };
		B6E1D0D119A7B30CFEACF6AC /* Pods-MixLedger.debug.xcconfig */ = {isa = PBXFileReference; includeInIndex = 1; lastKnownFileType = text.xcconfig; name = "Pods-MixLedger.debug.xcconfig"; path = "Target Support Files/Pods-MixLedger/Pods-MixLedger.debug.xcconfig"; sourceTree = "<group>"; };
		D4A9E7B6A5C91C9F94310144 /* Pods-MixLedgerTests.debug.xcconfig */ = {isa = PBXFileReference; includeInIndex = 1; lastKnownFileType = text.xcconfig; name = "Pods-MixLedgerTests.debug.xcconfig"; path = "Target Support Files/Pods-MixLedgerTests/Pods-MixLedgerTests.debug.xcconfig"; sourceTree = "<group>"; };
		E0558560071F1A7B272B541A /* Pods-MixLedger-MixLedgerUITests.release.xcconfig */ = {isa = PBXFileReference; includeInIndex = 1; lastKnownFileType = text.xcconfig; name = "Pods-MixLedger-MixLedgerUITests.release.xcconfig"; path = "Target Support Files/Pods-MixLedger-MixLedgerUITests/Pods-MixLedger-MixLedgerUITests.release.xcconfig"; sourceTree = "<group>"; };
		EC5B346F3C9CF0E0C0ECC794 /* Pods_MixLedger.framework */ = {isa = PBXFileReference; explicitFileType = wrapper.framework; includeInIndex = 0; path = Pods_MixLedger.framework; sourceTree = BUILT_PRODUCTS_DIR; };
/* End PBXFileReference section */

/* Begin PBXFrameworksBuildPhase section */
		9A2379782B037BE5001D6BAF /* Frameworks */ = {
			isa = PBXFrameworksBuildPhase;
			buildActionMask = 2147483647;
			files = (
				9AB3DC582B0905A3003E70D4 /* FirebaseFunctions in Frameworks */,
				9AB3DC4E2B0905A3003E70D4 /* FirebaseDatabaseSwift in Frameworks */,
				9AB3DC5E2B0905A3003E70D4 /* FirebaseInAppMessagingSwift-Beta in Frameworks */,
				9AB3DC642B0905A3003E70D4 /* FirebaseMessaging in Frameworks */,
				9AB3DC442B0905A3003E70D4 /* FirebaseAppDistribution-Beta in Frameworks */,
				9AB3DC482B0905A3003E70D4 /* FirebaseAuthCombine-Community in Frameworks */,
				9AB3DC542B0905A3003E70D4 /* FirebaseFirestoreCombine-Community in Frameworks */,
				9AB3DC3E2B0905A3003E70D4 /* FirebaseAnalyticsSwift in Frameworks */,
				9AB3DC622B0905A3003E70D4 /* FirebaseMLModelDownloader in Frameworks */,
				9AB3DC402B0905A3003E70D4 /* FirebaseAnalyticsWithoutAdIdSupport in Frameworks */,
				9AB3DC3A2B0905A3003E70D4 /* FirebaseAnalytics in Frameworks */,
				9AB3DC562B0905A3003E70D4 /* FirebaseFirestoreSwift in Frameworks */,
				9AB3DC3C2B0905A3003E70D4 /* FirebaseAnalyticsOnDeviceConversion in Frameworks */,
				9AB3DC422B0905A3003E70D4 /* FirebaseAppCheck in Frameworks */,
				9AB3DC662B0905A3003E70D4 /* FirebasePerformance in Frameworks */,
				9AB3DC5C2B0905A3003E70D4 /* FirebaseInAppMessaging-Beta in Frameworks */,
				9AB3DC5A2B0905A3003E70D4 /* FirebaseFunctionsCombine-Community in Frameworks */,
				9AB3DC4A2B0905A3003E70D4 /* FirebaseCrashlytics in Frameworks */,
				9AB3DC602B0905A3003E70D4 /* FirebaseInstallations in Frameworks */,
				9AB3DC682B0905A3003E70D4 /* FirebaseRemoteConfig in Frameworks */,
				9AB3DC6C2B0905A3003E70D4 /* FirebaseStorage in Frameworks */,
				9AB3DC4C2B0905A3003E70D4 /* FirebaseDatabase in Frameworks */,
				9AB3DC6E2B0905A3003E70D4 /* FirebaseStorageCombine-Community in Frameworks */,
				9AB3DC462B0905A3003E70D4 /* FirebaseAuth in Frameworks */,
				9AB3DC502B0905A3003E70D4 /* FirebaseDynamicLinks in Frameworks */,
				9AB3DC522B0905A3003E70D4 /* FirebaseFirestore in Frameworks */,
				9AB3DC6A2B0905A3003E70D4 /* FirebaseRemoteConfigSwift in Frameworks */,
				2092FE69C097DCD98CFF1977 /* Pods_MixLedger.framework in Frameworks */,
			);
			runOnlyForDeploymentPostprocessing = 0;
		};
		9A2379912B037BE6001D6BAF /* Frameworks */ = {
			isa = PBXFrameworksBuildPhase;
			buildActionMask = 2147483647;
			files = (
				60822F42FE45A90BB469E829 /* Pods_MixLedgerTests.framework in Frameworks */,
			);
			runOnlyForDeploymentPostprocessing = 0;
		};
		9A23799B2B037BE6001D6BAF /* Frameworks */ = {
			isa = PBXFrameworksBuildPhase;
			buildActionMask = 2147483647;
			files = (
				FDB16591E2978C19AD88A874 /* Pods_MixLedger_MixLedgerUITests.framework in Frameworks */,
			);
			runOnlyForDeploymentPostprocessing = 0;
		};
/* End PBXFrameworksBuildPhase section */

/* Begin PBXGroup section */
		27A6E8FC49ECF89062EECE3E /* Frameworks */ = {
			isa = PBXGroup;
			children = (
				EC5B346F3C9CF0E0C0ECC794 /* Pods_MixLedger.framework */,
				84AFB309EA80B9C8358C9053 /* Pods_MixLedger_MixLedgerUITests.framework */,
				81EC12179D6871B622981DE0 /* Pods_MixLedgerTests.framework */,
			);
			name = Frameworks;
			sourceTree = "<group>";
		};
		982246AE0FCFC244BDF6DFD4 /* Pods */ = {
			isa = PBXGroup;
			children = (
				B6E1D0D119A7B30CFEACF6AC /* Pods-MixLedger.debug.xcconfig */,
				4B44E33214ACB9C219E28592 /* Pods-MixLedger.release.xcconfig */,
				9919C3D5EA100989BB9F08A4 /* Pods-MixLedger-MixLedgerUITests.debug.xcconfig */,
				E0558560071F1A7B272B541A /* Pods-MixLedger-MixLedgerUITests.release.xcconfig */,
				D4A9E7B6A5C91C9F94310144 /* Pods-MixLedgerTests.debug.xcconfig */,
				323EF12708523EDD0A064EAF /* Pods-MixLedgerTests.release.xcconfig */,
			);
			path = Pods;
			sourceTree = "<group>";
		};
		9A2379722B037BE5001D6BAF = {
			isa = PBXGroup;
			children = (
				9ACA6EF02B08513900201A44 /* GoogleService-Info.plist */,
				9A23797D2B037BE5001D6BAF /* MixLedger */,
				9A2379972B037BE6001D6BAF /* MixLedgerTests */,
				9A2379A12B037BE6001D6BAF /* MixLedgerUITests */,
				9A23797C2B037BE5001D6BAF /* Products */,
				982246AE0FCFC244BDF6DFD4 /* Pods */,
				27A6E8FC49ECF89062EECE3E /* Frameworks */,
			);
			sourceTree = "<group>";
		};
		9A23797C2B037BE5001D6BAF /* Products */ = {
			isa = PBXGroup;
			children = (
				9A23797B2B037BE5001D6BAF /* MixLedger.app */,
				9A2379942B037BE6001D6BAF /* MixLedgerTests.xctest */,
				9A23799E2B037BE6001D6BAF /* MixLedgerUITests.xctest */,
			);
			name = Products;
			sourceTree = "<group>";
		};
		9A23797D2B037BE5001D6BAF /* MixLedger */ = {
			isa = PBXGroup;
			children = (
				9A50ADC12B0EECB50099351D /* ShareAccount */,
				9A50ADC02B0EEC900099351D /* MessagePage */,
				9A524CD52B0DCE5800B232D4 /* AllAccount */,
				9AEB5F7F2B0731D500DF5DFF /* home */,
				9AEB5F8A2B07630000DF5DFF /* addNewItem */,
				9A23797E2B037BE5001D6BAF /* AppDelegate.swift */,
				9A2379802B037BE5001D6BAF /* SceneDelegate.swift */,
				9A2379842B037BE5001D6BAF /* Main.storyboard */,
				9A23798A2B037BE6001D6BAF /* Assets.xcassets */,
				9A23798C2B037BE6001D6BAF /* LaunchScreen.storyboard */,
				9A23798F2B037BE6001D6BAF /* Info.plist */,
				9A2379872B037BE5001D6BAF /* MixLedger.xcdatamodeld */,
				9AEB5F6D2B05F0E600DF5DFF /* ex-image.swift */,
				9AEB5F732B0608D100DF5DFF /* ShowMoneyFormat.swift */,
				9AEB5F822B07349400DF5DFF /* Allicon.swift */,
				9AEB5F862B07420200DF5DFF /* FakeData.swift */,
				9ACA6EFD2B08AB3300201A44 /* FirebaseManager.swift */,
				9A004A4B2B0A0DD4005C0258 /* RealData.swift */,
				9A3042F22B123E4A00FFEEB0 /* ScanInvoiceManager.swift */,
			);
			path = MixLedger;
			sourceTree = "<group>";
		};
		9A2379972B037BE6001D6BAF /* MixLedgerTests */ = {
			isa = PBXGroup;
			children = (
				9A2379982B037BE6001D6BAF /* MixLedgerTests.swift */,
			);
			path = MixLedgerTests;
			sourceTree = "<group>";
		};
		9A2379A12B037BE6001D6BAF /* MixLedgerUITests */ = {
			isa = PBXGroup;
			children = (
				9A2379A22B037BE6001D6BAF /* MixLedgerUITests.swift */,
				9A2379A42B037BE6001D6BAF /* MixLedgerUITestsLaunchTests.swift */,
			);
			path = MixLedgerUITests;
			sourceTree = "<group>";
		};
		9A3042EF2B11D02400FFEEB0 /* ScanInvoice */ = {
			isa = PBXGroup;
			children = (
				9A3042EC2B11CFC200FFEEB0 /* ScanInvoiceViewController.swift */,
				9A3042F02B11DFCD00FFEEB0 /* ANIInvoiceTableViewCell.swift */,
			);
			path = ScanInvoice;
			sourceTree = "<group>";
		};
		9A50ADC02B0EEC900099351D /* MessagePage */ = {
			isa = PBXGroup;
			children = (
				9A524CDA2B0E089E00B232D4 /* MessageViewController.swift */,
				9A524CDC2B0E0F9D00B232D4 /* InviteMessageTableViewCell.swift */,
			);
			path = MessagePage;
			sourceTree = "<group>";
		};
		9A50ADC12B0EECB50099351D /* ShareAccount */ = {
			isa = PBXGroup;
			children = (
				9A524CD62B0DCF0500B232D4 /* SearchAllUserViewController.swift */,
				9A524CD82B0DDFFE00B232D4 /* SearchUserTableViewCell.swift */,
			);
			path = ShareAccount;
			sourceTree = "<group>";
		};
		9A524CD52B0DCE5800B232D4 /* AllAccount */ = {
			isa = PBXGroup;
			children = (
				9AEB5F802B07335C00DF5DFF /* AllAccountBookViewController.swift */,
				9AEB5F842B073E8200DF5DFF /* AccountTableViewCell.swift */,
				9AB2CA8D2B0C54FD00AE677C /* AddNewAccountViewController.swift */,
				9AB2CA8F2B0C911200AE677C /* ANAIconCollectionViewCell.swift */,
			);
			path = AllAccount;
			sourceTree = "<group>";
		};
		9A83B1982B0F887100C4C263 /* member */ = {
			isa = PBXGroup;
			children = (
				9A83B1992B0F889700C4C263 /* ShowMemberTableViewCell.swift */,
				9A50ADC42B0F4BD50099351D /* SelectMemberViewController.swift */,
				9A50ADC62B0F51EA0099351D /* SelectMemberTableViewCell.swift */,
			);
			path = member;
			sourceTree = "<group>";
		};
		9AEB5F7F2B0731D500DF5DFF /* home */ = {
			isa = PBXGroup;
			children = (
				9A2379822B037BE5001D6BAF /* HomeViewController.swift */,
				9AEB5F6F2B06041400DF5DFF /* BillTableViewCell.swift */,
				9AEB5F7D2B07133400DF5DFF /* BillStatusTableViewCell.swift */,
				9AEB5F702B06041400DF5DFF /* BillTableViewCell.xib */,
				9AEB5F6B2B05C4E800DF5DFF /* SharedBillStatusSmallView.swift */,
				9AEB5F792B062FE400DF5DFF /* SharedBillStatusOpenView.swift */,
				9AEB5F7B2B0635EA00DF5DFF /* SBSVUsersTableViewCell.swift */,
			);
			path = home;
			sourceTree = "<group>";
		};
		9AEB5F8A2B07630000DF5DFF /* addNewItem */ = {
			isa = PBXGroup;
			children = (
				9AEB5F882B075E1800DF5DFF /* AddNewItemViewController.swift */,
				9A3042EF2B11D02400FFEEB0 /* ScanInvoice */,
				9A83B1982B0F887100C4C263 /* member */,
				9AEB5F8B2B0763C300DF5DFF /* ANIMoneyTableViewCell.swift */,
				9AEB5F8D2B07B0E800DF5DFF /* ANITypeTableViewCell.swift */,
				9ACA6EFF2B08ADF800201A44 /* ANISelectDateTableViewCell.swift */,
				9AEB5F912B07BCA100DF5DFF /* ANIMemberTableViewCell.swift */,
				9AEB5F8F2B07B8E100DF5DFF /* AddNewItemModelTableViewCell.swift */,
			);
			path = addNewItem;
			sourceTree = "<group>";
		};
/* End PBXGroup section */

/* Begin PBXNativeTarget section */
		9A23797A2B037BE5001D6BAF /* MixLedger */ = {
			isa = PBXNativeTarget;
			buildConfigurationList = 9A2379A82B037BE6001D6BAF /* Build configuration list for PBXNativeTarget "MixLedger" */;
			buildPhases = (
				EC1BEA9F62282FB74D2A14F6 /* [CP] Check Pods Manifest.lock */,
				9A2379772B037BE5001D6BAF /* Sources */,
				9A2379782B037BE5001D6BAF /* Frameworks */,
				9A2379792B037BE5001D6BAF /* Resources */,
				9A2379B12B04AB31001D6BAF /* ShellScript */,
				4D8295A80073CB7C87EF36F1 /* [CP] Embed Pods Frameworks */,
			);
			buildRules = (
			);
			dependencies = (
			);
			name = MixLedger;
			packageProductDependencies = (
				9AB3DC392B0905A3003E70D4 /* FirebaseAnalytics */,
				9AB3DC3B2B0905A3003E70D4 /* FirebaseAnalyticsOnDeviceConversion */,
				9AB3DC3D2B0905A3003E70D4 /* FirebaseAnalyticsSwift */,
				9AB3DC3F2B0905A3003E70D4 /* FirebaseAnalyticsWithoutAdIdSupport */,
				9AB3DC412B0905A3003E70D4 /* FirebaseAppCheck */,
				9AB3DC432B0905A3003E70D4 /* FirebaseAppDistribution-Beta */,
				9AB3DC452B0905A3003E70D4 /* FirebaseAuth */,
				9AB3DC472B0905A3003E70D4 /* FirebaseAuthCombine-Community */,
				9AB3DC492B0905A3003E70D4 /* FirebaseCrashlytics */,
				9AB3DC4B2B0905A3003E70D4 /* FirebaseDatabase */,
				9AB3DC4D2B0905A3003E70D4 /* FirebaseDatabaseSwift */,
				9AB3DC4F2B0905A3003E70D4 /* FirebaseDynamicLinks */,
				9AB3DC512B0905A3003E70D4 /* FirebaseFirestore */,
				9AB3DC532B0905A3003E70D4 /* FirebaseFirestoreCombine-Community */,
				9AB3DC552B0905A3003E70D4 /* FirebaseFirestoreSwift */,
				9AB3DC572B0905A3003E70D4 /* FirebaseFunctions */,
				9AB3DC592B0905A3003E70D4 /* FirebaseFunctionsCombine-Community */,
				9AB3DC5B2B0905A3003E70D4 /* FirebaseInAppMessaging-Beta */,
				9AB3DC5D2B0905A3003E70D4 /* FirebaseInAppMessagingSwift-Beta */,
				9AB3DC5F2B0905A3003E70D4 /* FirebaseInstallations */,
				9AB3DC612B0905A3003E70D4 /* FirebaseMLModelDownloader */,
				9AB3DC632B0905A3003E70D4 /* FirebaseMessaging */,
				9AB3DC652B0905A3003E70D4 /* FirebasePerformance */,
				9AB3DC672B0905A3003E70D4 /* FirebaseRemoteConfig */,
				9AB3DC692B0905A3003E70D4 /* FirebaseRemoteConfigSwift */,
				9AB3DC6B2B0905A3003E70D4 /* FirebaseStorage */,
				9AB3DC6D2B0905A3003E70D4 /* FirebaseStorageCombine-Community */,
			);
			productName = MixLedger;
			productReference = 9A23797B2B037BE5001D6BAF /* MixLedger.app */;
			productType = "com.apple.product-type.application";
		};
		9A2379932B037BE6001D6BAF /* MixLedgerTests */ = {
			isa = PBXNativeTarget;
			buildConfigurationList = 9A2379AB2B037BE6001D6BAF /* Build configuration list for PBXNativeTarget "MixLedgerTests" */;
			buildPhases = (
				3080EBE086BC8A7FC7E55644 /* [CP] Check Pods Manifest.lock */,
				9A2379902B037BE6001D6BAF /* Sources */,
				9A2379912B037BE6001D6BAF /* Frameworks */,
				9A2379922B037BE6001D6BAF /* Resources */,
			);
			buildRules = (
			);
			dependencies = (
				9A2379962B037BE6001D6BAF /* PBXTargetDependency */,
			);
			name = MixLedgerTests;
			productName = MixLedgerTests;
			productReference = 9A2379942B037BE6001D6BAF /* MixLedgerTests.xctest */;
			productType = "com.apple.product-type.bundle.unit-test";
		};
		9A23799D2B037BE6001D6BAF /* MixLedgerUITests */ = {
			isa = PBXNativeTarget;
			buildConfigurationList = 9A2379AE2B037BE6001D6BAF /* Build configuration list for PBXNativeTarget "MixLedgerUITests" */;
			buildPhases = (
				5A8424F6D6EC492768D0347D /* [CP] Check Pods Manifest.lock */,
				9A23799A2B037BE6001D6BAF /* Sources */,
				9A23799B2B037BE6001D6BAF /* Frameworks */,
				9A23799C2B037BE6001D6BAF /* Resources */,
				3578E5832A6E4D339FB2455A /* [CP] Embed Pods Frameworks */,
			);
			buildRules = (
			);
			dependencies = (
				9A2379A02B037BE6001D6BAF /* PBXTargetDependency */,
			);
			name = MixLedgerUITests;
			productName = MixLedgerUITests;
			productReference = 9A23799E2B037BE6001D6BAF /* MixLedgerUITests.xctest */;
			productType = "com.apple.product-type.bundle.ui-testing";
		};
/* End PBXNativeTarget section */

/* Begin PBXProject section */
		9A2379732B037BE5001D6BAF /* Project object */ = {
			isa = PBXProject;
			attributes = {
				BuildIndependentTargetsInParallel = 1;
				LastSwiftUpdateCheck = 1430;
				LastUpgradeCheck = 1430;
				TargetAttributes = {
					9A23797A2B037BE5001D6BAF = {
						CreatedOnToolsVersion = 14.3.1;
					};
					9A2379932B037BE6001D6BAF = {
						CreatedOnToolsVersion = 14.3.1;
						TestTargetID = 9A23797A2B037BE5001D6BAF;
					};
					9A23799D2B037BE6001D6BAF = {
						CreatedOnToolsVersion = 14.3.1;
						TestTargetID = 9A23797A2B037BE5001D6BAF;
					};
				};
			};
			buildConfigurationList = 9A2379762B037BE5001D6BAF /* Build configuration list for PBXProject "MixLedger" */;
			compatibilityVersion = "Xcode 14.0";
			developmentRegion = en;
			hasScannedForEncodings = 0;
			knownRegions = (
				en,
				Base,
			);
			mainGroup = 9A2379722B037BE5001D6BAF;
			packageReferences = (
				9AB3DC382B0905A3003E70D4 /* XCRemoteSwiftPackageReference "firebase-ios-sdk" */,
			);
			productRefGroup = 9A23797C2B037BE5001D6BAF /* Products */;
			projectDirPath = "";
			projectRoot = "";
			targets = (
				9A23797A2B037BE5001D6BAF /* MixLedger */,
				9A2379932B037BE6001D6BAF /* MixLedgerTests */,
				9A23799D2B037BE6001D6BAF /* MixLedgerUITests */,
			);
		};
/* End PBXProject section */

/* Begin PBXResourcesBuildPhase section */
		9A2379792B037BE5001D6BAF /* Resources */ = {
			isa = PBXResourcesBuildPhase;
			buildActionMask = 2147483647;
			files = (
				9AEB5F722B06041400DF5DFF /* BillTableViewCell.xib in Resources */,
				9A23798E2B037BE6001D6BAF /* LaunchScreen.storyboard in Resources */,
				9ACA6EF12B08513900201A44 /* GoogleService-Info.plist in Resources */,
				9A23798B2B037BE6001D6BAF /* Assets.xcassets in Resources */,
				9A2379862B037BE5001D6BAF /* Main.storyboard in Resources */,
			);
			runOnlyForDeploymentPostprocessing = 0;
		};
		9A2379922B037BE6001D6BAF /* Resources */ = {
			isa = PBXResourcesBuildPhase;
			buildActionMask = 2147483647;
			files = (
			);
			runOnlyForDeploymentPostprocessing = 0;
		};
		9A23799C2B037BE6001D6BAF /* Resources */ = {
			isa = PBXResourcesBuildPhase;
			buildActionMask = 2147483647;
			files = (
			);
			runOnlyForDeploymentPostprocessing = 0;
		};
/* End PBXResourcesBuildPhase section */

/* Begin PBXShellScriptBuildPhase section */
		3080EBE086BC8A7FC7E55644 /* [CP] Check Pods Manifest.lock */ = {
			isa = PBXShellScriptBuildPhase;
			buildActionMask = 2147483647;
			files = (
			);
			inputFileListPaths = (
			);
			inputPaths = (
				"${PODS_PODFILE_DIR_PATH}/Podfile.lock",
				"${PODS_ROOT}/Manifest.lock",
			);
			name = "[CP] Check Pods Manifest.lock";
			outputFileListPaths = (
			);
			outputPaths = (
				"$(DERIVED_FILE_DIR)/Pods-MixLedgerTests-checkManifestLockResult.txt",
			);
			runOnlyForDeploymentPostprocessing = 0;
			shellPath = /bin/sh;
			shellScript = "diff \"${PODS_PODFILE_DIR_PATH}/Podfile.lock\" \"${PODS_ROOT}/Manifest.lock\" > /dev/null\nif [ $? != 0 ] ; then\n    # print error to STDERR\n    echo \"error: The sandbox is not in sync with the Podfile.lock. Run 'pod install' or update your CocoaPods installation.\" >&2\n    exit 1\nfi\n# This output is used by Xcode 'outputs' to avoid re-running this script phase.\necho \"SUCCESS\" > \"${SCRIPT_OUTPUT_FILE_0}\"\n";
			showEnvVarsInLog = 0;
		};
		3578E5832A6E4D339FB2455A /* [CP] Embed Pods Frameworks */ = {
			isa = PBXShellScriptBuildPhase;
			buildActionMask = 2147483647;
			files = (
			);
			inputFileListPaths = (
				"${PODS_ROOT}/Target Support Files/Pods-MixLedger-MixLedgerUITests/Pods-MixLedger-MixLedgerUITests-frameworks-${CONFIGURATION}-input-files.xcfilelist",
			);
			name = "[CP] Embed Pods Frameworks";
			outputFileListPaths = (
				"${PODS_ROOT}/Target Support Files/Pods-MixLedger-MixLedgerUITests/Pods-MixLedger-MixLedgerUITests-frameworks-${CONFIGURATION}-output-files.xcfilelist",
			);
			runOnlyForDeploymentPostprocessing = 0;
			shellPath = /bin/sh;
			shellScript = "\"${PODS_ROOT}/Target Support Files/Pods-MixLedger-MixLedgerUITests/Pods-MixLedger-MixLedgerUITests-frameworks.sh\"\n";
			showEnvVarsInLog = 0;
		};
		4D8295A80073CB7C87EF36F1 /* [CP] Embed Pods Frameworks */ = {
			isa = PBXShellScriptBuildPhase;
			buildActionMask = 2147483647;
			files = (
			);
			inputFileListPaths = (
				"${PODS_ROOT}/Target Support Files/Pods-MixLedger/Pods-MixLedger-frameworks-${CONFIGURATION}-input-files.xcfilelist",
			);
			name = "[CP] Embed Pods Frameworks";
			outputFileListPaths = (
				"${PODS_ROOT}/Target Support Files/Pods-MixLedger/Pods-MixLedger-frameworks-${CONFIGURATION}-output-files.xcfilelist",
			);
			runOnlyForDeploymentPostprocessing = 0;
			shellPath = /bin/sh;
			shellScript = "\"${PODS_ROOT}/Target Support Files/Pods-MixLedger/Pods-MixLedger-frameworks.sh\"\n";
			showEnvVarsInLog = 0;
		};
		5A8424F6D6EC492768D0347D /* [CP] Check Pods Manifest.lock */ = {
			isa = PBXShellScriptBuildPhase;
			buildActionMask = 2147483647;
			files = (
			);
			inputFileListPaths = (
			);
			inputPaths = (
				"${PODS_PODFILE_DIR_PATH}/Podfile.lock",
				"${PODS_ROOT}/Manifest.lock",
			);
			name = "[CP] Check Pods Manifest.lock";
			outputFileListPaths = (
			);
			outputPaths = (
				"$(DERIVED_FILE_DIR)/Pods-MixLedger-MixLedgerUITests-checkManifestLockResult.txt",
			);
			runOnlyForDeploymentPostprocessing = 0;
			shellPath = /bin/sh;
			shellScript = "diff \"${PODS_PODFILE_DIR_PATH}/Podfile.lock\" \"${PODS_ROOT}/Manifest.lock\" > /dev/null\nif [ $? != 0 ] ; then\n    # print error to STDERR\n    echo \"error: The sandbox is not in sync with the Podfile.lock. Run 'pod install' or update your CocoaPods installation.\" >&2\n    exit 1\nfi\n# This output is used by Xcode 'outputs' to avoid re-running this script phase.\necho \"SUCCESS\" > \"${SCRIPT_OUTPUT_FILE_0}\"\n";
			showEnvVarsInLog = 0;
		};
		9A2379B12B04AB31001D6BAF /* ShellScript */ = {
			isa = PBXShellScriptBuildPhase;
			buildActionMask = 2147483647;
			files = (
			);
			inputFileListPaths = (
			);
			inputPaths = (
			);
			outputFileListPaths = (
			);
			outputPaths = (
			);
			runOnlyForDeploymentPostprocessing = 0;
			shellPath = /bin/sh;
			shellScript = "# Type a script or drag a script file from your workspace to insert its path.\n\n\"${PODS_ROOT}/SwiftLint/swiftlint\"\n";
		};
		EC1BEA9F62282FB74D2A14F6 /* [CP] Check Pods Manifest.lock */ = {
			isa = PBXShellScriptBuildPhase;
			buildActionMask = 2147483647;
			files = (
			);
			inputFileListPaths = (
			);
			inputPaths = (
				"${PODS_PODFILE_DIR_PATH}/Podfile.lock",
				"${PODS_ROOT}/Manifest.lock",
			);
			name = "[CP] Check Pods Manifest.lock";
			outputFileListPaths = (
			);
			outputPaths = (
				"$(DERIVED_FILE_DIR)/Pods-MixLedger-checkManifestLockResult.txt",
			);
			runOnlyForDeploymentPostprocessing = 0;
			shellPath = /bin/sh;
			shellScript = "diff \"${PODS_PODFILE_DIR_PATH}/Podfile.lock\" \"${PODS_ROOT}/Manifest.lock\" > /dev/null\nif [ $? != 0 ] ; then\n    # print error to STDERR\n    echo \"error: The sandbox is not in sync with the Podfile.lock. Run 'pod install' or update your CocoaPods installation.\" >&2\n    exit 1\nfi\n# This output is used by Xcode 'outputs' to avoid re-running this script phase.\necho \"SUCCESS\" > \"${SCRIPT_OUTPUT_FILE_0}\"\n";
			showEnvVarsInLog = 0;
		};
/* End PBXShellScriptBuildPhase section */

/* Begin PBXSourcesBuildPhase section */
		9A2379772B037BE5001D6BAF /* Sources */ = {
			isa = PBXSourcesBuildPhase;
			buildActionMask = 2147483647;
			files = (
				9ACA6F002B08ADF800201A44 /* ANISelectDateTableViewCell.swift in Sources */,
				9AEB5F7C2B0635EA00DF5DFF /* SBSVUsersTableViewCell.swift in Sources */,
				9A50ADC72B0F51EA0099351D /* SelectMemberTableViewCell.swift in Sources */,
				9A2379832B037BE5001D6BAF /* HomeViewController.swift in Sources */,
				9AEB5F922B07BCA100DF5DFF /* ANIMemberTableViewCell.swift in Sources */,
				9AEB5F872B07420200DF5DFF /* FakeData.swift in Sources */,
				9A23797F2B037BE5001D6BAF /* AppDelegate.swift in Sources */,
				9AEB5F902B07B8E100DF5DFF /* AddNewItemModelTableViewCell.swift in Sources */,
				9AB2CA8E2B0C54FD00AE677C /* AddNewAccountViewController.swift in Sources */,
				9A524CDD2B0E0F9D00B232D4 /* InviteMessageTableViewCell.swift in Sources */,
				9A524CD92B0DDFFE00B232D4 /* SearchUserTableViewCell.swift in Sources */,
				9A3042ED2B11CFC200FFEEB0 /* ScanInvoiceViewController.swift in Sources */,
				9AEB5F7A2B062FE400DF5DFF /* SharedBillStatusOpenView.swift in Sources */,
				9A524CD72B0DCF0500B232D4 /* SearchAllUserViewController.swift in Sources */,
				9A524CDB2B0E089E00B232D4 /* MessageViewController.swift in Sources */,
				9AEB5F742B0608D100DF5DFF /* ShowMoneyFormat.swift in Sources */,
				9AEB5F7E2B07133400DF5DFF /* BillStatusTableViewCell.swift in Sources */,
				9ACA6EFE2B08AB3300201A44 /* FirebaseManager.swift in Sources */,
				9AEB5F6E2B05F0E600DF5DFF /* ex-image.swift in Sources */,
				9AEB5F712B06041400DF5DFF /* BillTableViewCell.swift in Sources */,
				9A2379812B037BE5001D6BAF /* SceneDelegate.swift in Sources */,
				9A83B19A2B0F889700C4C263 /* ShowMemberTableViewCell.swift in Sources */,
				9A3042F12B11DFCD00FFEEB0 /* ANIInvoiceTableViewCell.swift in Sources */,
				9AEB5F892B075E1800DF5DFF /* AddNewItemViewController.swift in Sources */,
				9A004A4C2B0A0DD4005C0258 /* RealData.swift in Sources */,
				9AB2CA902B0C911200AE677C /* ANAIconCollectionViewCell.swift in Sources */,
				9A50ADC52B0F4BD50099351D /* SelectMemberViewController.swift in Sources */,
				9AEB5F812B07335C00DF5DFF /* AllAccountBookViewController.swift in Sources */,
				9AEB5F6C2B05C4E800DF5DFF /* SharedBillStatusSmallView.swift in Sources */,
				9AEB5F8E2B07B0E800DF5DFF /* ANITypeTableViewCell.swift in Sources */,
				9AEB5F852B073E8200DF5DFF /* AccountTableViewCell.swift in Sources */,
				9A2379892B037BE5001D6BAF /* MixLedger.xcdatamodeld in Sources */,
				9AEB5F8C2B0763C300DF5DFF /* ANIMoneyTableViewCell.swift in Sources */,
				9AEB5F832B07349400DF5DFF /* Allicon.swift in Sources */,
				9A3042F32B123E4A00FFEEB0 /* ScanInvoiceManager.swift in Sources */,
			);
			runOnlyForDeploymentPostprocessing = 0;
		};
		9A2379902B037BE6001D6BAF /* Sources */ = {
			isa = PBXSourcesBuildPhase;
			buildActionMask = 2147483647;
			files = (
				9A2379992B037BE6001D6BAF /* MixLedgerTests.swift in Sources */,
			);
			runOnlyForDeploymentPostprocessing = 0;
		};
		9A23799A2B037BE6001D6BAF /* Sources */ = {
			isa = PBXSourcesBuildPhase;
			buildActionMask = 2147483647;
			files = (
				9A2379A52B037BE6001D6BAF /* MixLedgerUITestsLaunchTests.swift in Sources */,
				9A2379A32B037BE6001D6BAF /* MixLedgerUITests.swift in Sources */,
			);
			runOnlyForDeploymentPostprocessing = 0;
		};
/* End PBXSourcesBuildPhase section */

/* Begin PBXTargetDependency section */
		9A2379962B037BE6001D6BAF /* PBXTargetDependency */ = {
			isa = PBXTargetDependency;
			target = 9A23797A2B037BE5001D6BAF /* MixLedger */;
			targetProxy = 9A2379952B037BE6001D6BAF /* PBXContainerItemProxy */;
		};
		9A2379A02B037BE6001D6BAF /* PBXTargetDependency */ = {
			isa = PBXTargetDependency;
			target = 9A23797A2B037BE5001D6BAF /* MixLedger */;
			targetProxy = 9A23799F2B037BE6001D6BAF /* PBXContainerItemProxy */;
		};
/* End PBXTargetDependency section */

/* Begin PBXVariantGroup section */
		9A2379842B037BE5001D6BAF /* Main.storyboard */ = {
			isa = PBXVariantGroup;
			children = (
				9A2379852B037BE5001D6BAF /* Base */,
			);
			name = Main.storyboard;
			sourceTree = "<group>";
		};
		9A23798C2B037BE6001D6BAF /* LaunchScreen.storyboard */ = {
			isa = PBXVariantGroup;
			children = (
				9A23798D2B037BE6001D6BAF /* Base */,
			);
			name = LaunchScreen.storyboard;
			sourceTree = "<group>";
		};
/* End PBXVariantGroup section */

/* Begin XCBuildConfiguration section */
		9A2379A62B037BE6001D6BAF /* Debug */ = {
			isa = XCBuildConfiguration;
			buildSettings = {
				ALWAYS_SEARCH_USER_PATHS = NO;
				CLANG_ANALYZER_NONNULL = YES;
				CLANG_ANALYZER_NUMBER_OBJECT_CONVERSION = YES_AGGRESSIVE;
				CLANG_CXX_LANGUAGE_STANDARD = "gnu++20";
				CLANG_ENABLE_MODULES = YES;
				CLANG_ENABLE_OBJC_ARC = YES;
				CLANG_ENABLE_OBJC_WEAK = YES;
				CLANG_WARN_BLOCK_CAPTURE_AUTORELEASING = YES;
				CLANG_WARN_BOOL_CONVERSION = YES;
				CLANG_WARN_COMMA = YES;
				CLANG_WARN_CONSTANT_CONVERSION = YES;
				CLANG_WARN_DEPRECATED_OBJC_IMPLEMENTATIONS = YES;
				CLANG_WARN_DIRECT_OBJC_ISA_USAGE = YES_ERROR;
				CLANG_WARN_DOCUMENTATION_COMMENTS = YES;
				CLANG_WARN_EMPTY_BODY = YES;
				CLANG_WARN_ENUM_CONVERSION = YES;
				CLANG_WARN_INFINITE_RECURSION = YES;
				CLANG_WARN_INT_CONVERSION = YES;
				CLANG_WARN_NON_LITERAL_NULL_CONVERSION = YES;
				CLANG_WARN_OBJC_IMPLICIT_RETAIN_SELF = YES;
				CLANG_WARN_OBJC_LITERAL_CONVERSION = YES;
				CLANG_WARN_OBJC_ROOT_CLASS = YES_ERROR;
				CLANG_WARN_QUOTED_INCLUDE_IN_FRAMEWORK_HEADER = YES;
				CLANG_WARN_RANGE_LOOP_ANALYSIS = YES;
				CLANG_WARN_STRICT_PROTOTYPES = YES;
				CLANG_WARN_SUSPICIOUS_MOVE = YES;
				CLANG_WARN_UNGUARDED_AVAILABILITY = YES_AGGRESSIVE;
				CLANG_WARN_UNREACHABLE_CODE = YES;
				CLANG_WARN__DUPLICATE_METHOD_MATCH = YES;
				COPY_PHASE_STRIP = NO;
				DEBUG_INFORMATION_FORMAT = dwarf;
				ENABLE_STRICT_OBJC_MSGSEND = YES;
				ENABLE_TESTABILITY = YES;
				GCC_C_LANGUAGE_STANDARD = gnu11;
				GCC_DYNAMIC_NO_PIC = NO;
				GCC_NO_COMMON_BLOCKS = YES;
				GCC_OPTIMIZATION_LEVEL = 0;
				GCC_PREPROCESSOR_DEFINITIONS = (
					"DEBUG=1",
					"$(inherited)",
				);
				GCC_WARN_64_TO_32_BIT_CONVERSION = YES;
				GCC_WARN_ABOUT_RETURN_TYPE = YES_ERROR;
				GCC_WARN_UNDECLARED_SELECTOR = YES;
				GCC_WARN_UNINITIALIZED_AUTOS = YES_AGGRESSIVE;
				GCC_WARN_UNUSED_FUNCTION = YES;
				GCC_WARN_UNUSED_VARIABLE = YES;
				IPHONEOS_DEPLOYMENT_TARGET = 16.0;
				MTL_ENABLE_DEBUG_INFO = INCLUDE_SOURCE;
				MTL_FAST_MATH = YES;
				ONLY_ACTIVE_ARCH = YES;
				SDKROOT = iphoneos;
				SWIFT_ACTIVE_COMPILATION_CONDITIONS = DEBUG;
				SWIFT_OPTIMIZATION_LEVEL = "-Onone";
			};
			name = Debug;
		};
		9A2379A72B037BE6001D6BAF /* Release */ = {
			isa = XCBuildConfiguration;
			buildSettings = {
				ALWAYS_SEARCH_USER_PATHS = NO;
				CLANG_ANALYZER_NONNULL = YES;
				CLANG_ANALYZER_NUMBER_OBJECT_CONVERSION = YES_AGGRESSIVE;
				CLANG_CXX_LANGUAGE_STANDARD = "gnu++20";
				CLANG_ENABLE_MODULES = YES;
				CLANG_ENABLE_OBJC_ARC = YES;
				CLANG_ENABLE_OBJC_WEAK = YES;
				CLANG_WARN_BLOCK_CAPTURE_AUTORELEASING = YES;
				CLANG_WARN_BOOL_CONVERSION = YES;
				CLANG_WARN_COMMA = YES;
				CLANG_WARN_CONSTANT_CONVERSION = YES;
				CLANG_WARN_DEPRECATED_OBJC_IMPLEMENTATIONS = YES;
				CLANG_WARN_DIRECT_OBJC_ISA_USAGE = YES_ERROR;
				CLANG_WARN_DOCUMENTATION_COMMENTS = YES;
				CLANG_WARN_EMPTY_BODY = YES;
				CLANG_WARN_ENUM_CONVERSION = YES;
				CLANG_WARN_INFINITE_RECURSION = YES;
				CLANG_WARN_INT_CONVERSION = YES;
				CLANG_WARN_NON_LITERAL_NULL_CONVERSION = YES;
				CLANG_WARN_OBJC_IMPLICIT_RETAIN_SELF = YES;
				CLANG_WARN_OBJC_LITERAL_CONVERSION = YES;
				CLANG_WARN_OBJC_ROOT_CLASS = YES_ERROR;
				CLANG_WARN_QUOTED_INCLUDE_IN_FRAMEWORK_HEADER = YES;
				CLANG_WARN_RANGE_LOOP_ANALYSIS = YES;
				CLANG_WARN_STRICT_PROTOTYPES = YES;
				CLANG_WARN_SUSPICIOUS_MOVE = YES;
				CLANG_WARN_UNGUARDED_AVAILABILITY = YES_AGGRESSIVE;
				CLANG_WARN_UNREACHABLE_CODE = YES;
				CLANG_WARN__DUPLICATE_METHOD_MATCH = YES;
				COPY_PHASE_STRIP = NO;
				DEBUG_INFORMATION_FORMAT = "dwarf-with-dsym";
				ENABLE_NS_ASSERTIONS = NO;
				ENABLE_STRICT_OBJC_MSGSEND = YES;
				GCC_C_LANGUAGE_STANDARD = gnu11;
				GCC_NO_COMMON_BLOCKS = YES;
				GCC_WARN_64_TO_32_BIT_CONVERSION = YES;
				GCC_WARN_ABOUT_RETURN_TYPE = YES_ERROR;
				GCC_WARN_UNDECLARED_SELECTOR = YES;
				GCC_WARN_UNINITIALIZED_AUTOS = YES_AGGRESSIVE;
				GCC_WARN_UNUSED_FUNCTION = YES;
				GCC_WARN_UNUSED_VARIABLE = YES;
				IPHONEOS_DEPLOYMENT_TARGET = 16.0;
				MTL_ENABLE_DEBUG_INFO = NO;
				MTL_FAST_MATH = YES;
				SDKROOT = iphoneos;
				SWIFT_COMPILATION_MODE = wholemodule;
				SWIFT_OPTIMIZATION_LEVEL = "-O";
				VALIDATE_PRODUCT = YES;
			};
			name = Release;
		};
		9A2379A92B037BE6001D6BAF /* Debug */ = {
			isa = XCBuildConfiguration;
			baseConfigurationReference = B6E1D0D119A7B30CFEACF6AC /* Pods-MixLedger.debug.xcconfig */;
			buildSettings = {
				ASSETCATALOG_COMPILER_APPICON_NAME = AppIcon;
				ASSETCATALOG_COMPILER_GLOBAL_ACCENT_COLOR_NAME = AccentColor;
				CODE_SIGN_STYLE = Automatic;
				CURRENT_PROJECT_VERSION = 1;
				DEVELOPMENT_TEAM = FP8RB3BHVD;
				GENERATE_INFOPLIST_FILE = YES;
				INFOPLIST_FILE = MixLedger/Info.plist;
				INFOPLIST_KEY_UIApplicationSupportsIndirectInputEvents = YES;
				INFOPLIST_KEY_UILaunchStoryboardName = LaunchScreen;
				INFOPLIST_KEY_UIMainStoryboardFile = Main;
				INFOPLIST_KEY_UISupportedInterfaceOrientations_iPad = "UIInterfaceOrientationPortrait UIInterfaceOrientationPortraitUpsideDown UIInterfaceOrientationLandscapeLeft UIInterfaceOrientationLandscapeRight";
				INFOPLIST_KEY_UISupportedInterfaceOrientations_iPhone = "UIInterfaceOrientationPortrait UIInterfaceOrientationLandscapeLeft UIInterfaceOrientationLandscapeRight";
				LD_RUNPATH_SEARCH_PATHS = (
					"$(inherited)",
					"@executable_path/Frameworks",
				);
				MARKETING_VERSION = 1.0;
				PRODUCT_BUNDLE_IDENTIFIER = puma.MixLedger;
				PRODUCT_NAME = "$(TARGET_NAME)";
				SWIFT_EMIT_LOC_STRINGS = YES;
				SWIFT_VERSION = 5.0;
				TARGETED_DEVICE_FAMILY = "1,2";
			};
			name = Debug;
		};
		9A2379AA2B037BE6001D6BAF /* Release */ = {
			isa = XCBuildConfiguration;
			baseConfigurationReference = 4B44E33214ACB9C219E28592 /* Pods-MixLedger.release.xcconfig */;
			buildSettings = {
				ASSETCATALOG_COMPILER_APPICON_NAME = AppIcon;
				ASSETCATALOG_COMPILER_GLOBAL_ACCENT_COLOR_NAME = AccentColor;
				CODE_SIGN_STYLE = Automatic;
				CURRENT_PROJECT_VERSION = 1;
				DEVELOPMENT_TEAM = FP8RB3BHVD;
				GENERATE_INFOPLIST_FILE = YES;
				INFOPLIST_FILE = MixLedger/Info.plist;
				INFOPLIST_KEY_UIApplicationSupportsIndirectInputEvents = YES;
				INFOPLIST_KEY_UILaunchStoryboardName = LaunchScreen;
				INFOPLIST_KEY_UIMainStoryboardFile = Main;
				INFOPLIST_KEY_UISupportedInterfaceOrientations_iPad = "UIInterfaceOrientationPortrait UIInterfaceOrientationPortraitUpsideDown UIInterfaceOrientationLandscapeLeft UIInterfaceOrientationLandscapeRight";
				INFOPLIST_KEY_UISupportedInterfaceOrientations_iPhone = "UIInterfaceOrientationPortrait UIInterfaceOrientationLandscapeLeft UIInterfaceOrientationLandscapeRight";
				LD_RUNPATH_SEARCH_PATHS = (
					"$(inherited)",
					"@executable_path/Frameworks",
				);
				MARKETING_VERSION = 1.0;
				PRODUCT_BUNDLE_IDENTIFIER = puma.MixLedger;
				PRODUCT_NAME = "$(TARGET_NAME)";
				SWIFT_EMIT_LOC_STRINGS = YES;
				SWIFT_VERSION = 5.0;
				TARGETED_DEVICE_FAMILY = "1,2";
			};
			name = Release;
		};
		9A2379AC2B037BE6001D6BAF /* Debug */ = {
			isa = XCBuildConfiguration;
			baseConfigurationReference = D4A9E7B6A5C91C9F94310144 /* Pods-MixLedgerTests.debug.xcconfig */;
			buildSettings = {
				ALWAYS_EMBED_SWIFT_STANDARD_LIBRARIES = YES;
				BUNDLE_LOADER = "$(TEST_HOST)";
				CODE_SIGN_STYLE = Automatic;
				CURRENT_PROJECT_VERSION = 1;
				GENERATE_INFOPLIST_FILE = YES;
				IPHONEOS_DEPLOYMENT_TARGET = 16.4;
				MARKETING_VERSION = 1.0;
				PRODUCT_BUNDLE_IDENTIFIER = puma.MixLedgerTests;
				PRODUCT_NAME = "$(TARGET_NAME)";
				SWIFT_EMIT_LOC_STRINGS = NO;
				SWIFT_VERSION = 5.0;
				TARGETED_DEVICE_FAMILY = "1,2";
				TEST_HOST = "$(BUILT_PRODUCTS_DIR)/MixLedger.app/$(BUNDLE_EXECUTABLE_FOLDER_PATH)/MixLedger";
			};
			name = Debug;
		};
		9A2379AD2B037BE6001D6BAF /* Release */ = {
			isa = XCBuildConfiguration;
			baseConfigurationReference = 323EF12708523EDD0A064EAF /* Pods-MixLedgerTests.release.xcconfig */;
			buildSettings = {
				ALWAYS_EMBED_SWIFT_STANDARD_LIBRARIES = YES;
				BUNDLE_LOADER = "$(TEST_HOST)";
				CODE_SIGN_STYLE = Automatic;
				CURRENT_PROJECT_VERSION = 1;
				GENERATE_INFOPLIST_FILE = YES;
				IPHONEOS_DEPLOYMENT_TARGET = 16.4;
				MARKETING_VERSION = 1.0;
				PRODUCT_BUNDLE_IDENTIFIER = puma.MixLedgerTests;
				PRODUCT_NAME = "$(TARGET_NAME)";
				SWIFT_EMIT_LOC_STRINGS = NO;
				SWIFT_VERSION = 5.0;
				TARGETED_DEVICE_FAMILY = "1,2";
				TEST_HOST = "$(BUILT_PRODUCTS_DIR)/MixLedger.app/$(BUNDLE_EXECUTABLE_FOLDER_PATH)/MixLedger";
			};
			name = Release;
		};
		9A2379AF2B037BE6001D6BAF /* Debug */ = {
			isa = XCBuildConfiguration;
			baseConfigurationReference = 9919C3D5EA100989BB9F08A4 /* Pods-MixLedger-MixLedgerUITests.debug.xcconfig */;
			buildSettings = {
				ALWAYS_EMBED_SWIFT_STANDARD_LIBRARIES = YES;
				CODE_SIGN_STYLE = Automatic;
				CURRENT_PROJECT_VERSION = 1;
				GENERATE_INFOPLIST_FILE = YES;
				MARKETING_VERSION = 1.0;
				PRODUCT_BUNDLE_IDENTIFIER = puma.MixLedgerUITests;
				PRODUCT_NAME = "$(TARGET_NAME)";
				SWIFT_EMIT_LOC_STRINGS = NO;
				SWIFT_VERSION = 5.0;
				TARGETED_DEVICE_FAMILY = "1,2";
				TEST_TARGET_NAME = MixLedger;
			};
			name = Debug;
		};
		9A2379B02B037BE6001D6BAF /* Release */ = {
			isa = XCBuildConfiguration;
			baseConfigurationReference = E0558560071F1A7B272B541A /* Pods-MixLedger-MixLedgerUITests.release.xcconfig */;
			buildSettings = {
				ALWAYS_EMBED_SWIFT_STANDARD_LIBRARIES = YES;
				CODE_SIGN_STYLE = Automatic;
				CURRENT_PROJECT_VERSION = 1;
				GENERATE_INFOPLIST_FILE = YES;
				MARKETING_VERSION = 1.0;
				PRODUCT_BUNDLE_IDENTIFIER = puma.MixLedgerUITests;
				PRODUCT_NAME = "$(TARGET_NAME)";
				SWIFT_EMIT_LOC_STRINGS = NO;
				SWIFT_VERSION = 5.0;
				TARGETED_DEVICE_FAMILY = "1,2";
				TEST_TARGET_NAME = MixLedger;
			};
			name = Release;
		};
/* End XCBuildConfiguration section */

/* Begin XCConfigurationList section */
		9A2379762B037BE5001D6BAF /* Build configuration list for PBXProject "MixLedger" */ = {
			isa = XCConfigurationList;
			buildConfigurations = (
				9A2379A62B037BE6001D6BAF /* Debug */,
				9A2379A72B037BE6001D6BAF /* Release */,
			);
			defaultConfigurationIsVisible = 0;
			defaultConfigurationName = Release;
		};
		9A2379A82B037BE6001D6BAF /* Build configuration list for PBXNativeTarget "MixLedger" */ = {
			isa = XCConfigurationList;
			buildConfigurations = (
				9A2379A92B037BE6001D6BAF /* Debug */,
				9A2379AA2B037BE6001D6BAF /* Release */,
			);
			defaultConfigurationIsVisible = 0;
			defaultConfigurationName = Release;
		};
		9A2379AB2B037BE6001D6BAF /* Build configuration list for PBXNativeTarget "MixLedgerTests" */ = {
			isa = XCConfigurationList;
			buildConfigurations = (
				9A2379AC2B037BE6001D6BAF /* Debug */,
				9A2379AD2B037BE6001D6BAF /* Release */,
			);
			defaultConfigurationIsVisible = 0;
			defaultConfigurationName = Release;
		};
		9A2379AE2B037BE6001D6BAF /* Build configuration list for PBXNativeTarget "MixLedgerUITests" */ = {
			isa = XCConfigurationList;
			buildConfigurations = (
				9A2379AF2B037BE6001D6BAF /* Debug */,
				9A2379B02B037BE6001D6BAF /* Release */,
			);
			defaultConfigurationIsVisible = 0;
			defaultConfigurationName = Release;
		};
/* End XCConfigurationList section */

/* Begin XCRemoteSwiftPackageReference section */
		9AB3DC382B0905A3003E70D4 /* XCRemoteSwiftPackageReference "firebase-ios-sdk" */ = {
			isa = XCRemoteSwiftPackageReference;
			repositoryURL = "https://github.com/firebase/firebase-ios-sdk";
			requirement = {
				kind = upToNextMajorVersion;
				minimumVersion = 10.0.0;
			};
		};
/* End XCRemoteSwiftPackageReference section */

/* Begin XCSwiftPackageProductDependency section */
		9AB3DC392B0905A3003E70D4 /* FirebaseAnalytics */ = {
			isa = XCSwiftPackageProductDependency;
			package = 9AB3DC382B0905A3003E70D4 /* XCRemoteSwiftPackageReference "firebase-ios-sdk" */;
			productName = FirebaseAnalytics;
		};
		9AB3DC3B2B0905A3003E70D4 /* FirebaseAnalyticsOnDeviceConversion */ = {
			isa = XCSwiftPackageProductDependency;
			package = 9AB3DC382B0905A3003E70D4 /* XCRemoteSwiftPackageReference "firebase-ios-sdk" */;
			productName = FirebaseAnalyticsOnDeviceConversion;
		};
		9AB3DC3D2B0905A3003E70D4 /* FirebaseAnalyticsSwift */ = {
			isa = XCSwiftPackageProductDependency;
			package = 9AB3DC382B0905A3003E70D4 /* XCRemoteSwiftPackageReference "firebase-ios-sdk" */;
			productName = FirebaseAnalyticsSwift;
		};
		9AB3DC3F2B0905A3003E70D4 /* FirebaseAnalyticsWithoutAdIdSupport */ = {
			isa = XCSwiftPackageProductDependency;
			package = 9AB3DC382B0905A3003E70D4 /* XCRemoteSwiftPackageReference "firebase-ios-sdk" */;
			productName = FirebaseAnalyticsWithoutAdIdSupport;
		};
		9AB3DC412B0905A3003E70D4 /* FirebaseAppCheck */ = {
			isa = XCSwiftPackageProductDependency;
			package = 9AB3DC382B0905A3003E70D4 /* XCRemoteSwiftPackageReference "firebase-ios-sdk" */;
			productName = FirebaseAppCheck;
		};
		9AB3DC432B0905A3003E70D4 /* FirebaseAppDistribution-Beta */ = {
			isa = XCSwiftPackageProductDependency;
			package = 9AB3DC382B0905A3003E70D4 /* XCRemoteSwiftPackageReference "firebase-ios-sdk" */;
			productName = "FirebaseAppDistribution-Beta";
		};
		9AB3DC452B0905A3003E70D4 /* FirebaseAuth */ = {
			isa = XCSwiftPackageProductDependency;
			package = 9AB3DC382B0905A3003E70D4 /* XCRemoteSwiftPackageReference "firebase-ios-sdk" */;
			productName = FirebaseAuth;
		};
		9AB3DC472B0905A3003E70D4 /* FirebaseAuthCombine-Community */ = {
			isa = XCSwiftPackageProductDependency;
			package = 9AB3DC382B0905A3003E70D4 /* XCRemoteSwiftPackageReference "firebase-ios-sdk" */;
			productName = "FirebaseAuthCombine-Community";
		};
		9AB3DC492B0905A3003E70D4 /* FirebaseCrashlytics */ = {
			isa = XCSwiftPackageProductDependency;
			package = 9AB3DC382B0905A3003E70D4 /* XCRemoteSwiftPackageReference "firebase-ios-sdk" */;
			productName = FirebaseCrashlytics;
		};
		9AB3DC4B2B0905A3003E70D4 /* FirebaseDatabase */ = {
			isa = XCSwiftPackageProductDependency;
			package = 9AB3DC382B0905A3003E70D4 /* XCRemoteSwiftPackageReference "firebase-ios-sdk" */;
			productName = FirebaseDatabase;
		};
		9AB3DC4D2B0905A3003E70D4 /* FirebaseDatabaseSwift */ = {
			isa = XCSwiftPackageProductDependency;
			package = 9AB3DC382B0905A3003E70D4 /* XCRemoteSwiftPackageReference "firebase-ios-sdk" */;
			productName = FirebaseDatabaseSwift;
		};
		9AB3DC4F2B0905A3003E70D4 /* FirebaseDynamicLinks */ = {
			isa = XCSwiftPackageProductDependency;
			package = 9AB3DC382B0905A3003E70D4 /* XCRemoteSwiftPackageReference "firebase-ios-sdk" */;
			productName = FirebaseDynamicLinks;
		};
		9AB3DC512B0905A3003E70D4 /* FirebaseFirestore */ = {
			isa = XCSwiftPackageProductDependency;
			package = 9AB3DC382B0905A3003E70D4 /* XCRemoteSwiftPackageReference "firebase-ios-sdk" */;
			productName = FirebaseFirestore;
		};
		9AB3DC532B0905A3003E70D4 /* FirebaseFirestoreCombine-Community */ = {
			isa = XCSwiftPackageProductDependency;
			package = 9AB3DC382B0905A3003E70D4 /* XCRemoteSwiftPackageReference "firebase-ios-sdk" */;
			productName = "FirebaseFirestoreCombine-Community";
		};
		9AB3DC552B0905A3003E70D4 /* FirebaseFirestoreSwift */ = {
			isa = XCSwiftPackageProductDependency;
			package = 9AB3DC382B0905A3003E70D4 /* XCRemoteSwiftPackageReference "firebase-ios-sdk" */;
			productName = FirebaseFirestoreSwift;
		};
		9AB3DC572B0905A3003E70D4 /* FirebaseFunctions */ = {
			isa = XCSwiftPackageProductDependency;
			package = 9AB3DC382B0905A3003E70D4 /* XCRemoteSwiftPackageReference "firebase-ios-sdk" */;
			productName = FirebaseFunctions;
		};
		9AB3DC592B0905A3003E70D4 /* FirebaseFunctionsCombine-Community */ = {
			isa = XCSwiftPackageProductDependency;
			package = 9AB3DC382B0905A3003E70D4 /* XCRemoteSwiftPackageReference "firebase-ios-sdk" */;
			productName = "FirebaseFunctionsCombine-Community";
		};
		9AB3DC5B2B0905A3003E70D4 /* FirebaseInAppMessaging-Beta */ = {
			isa = XCSwiftPackageProductDependency;
			package = 9AB3DC382B0905A3003E70D4 /* XCRemoteSwiftPackageReference "firebase-ios-sdk" */;
			productName = "FirebaseInAppMessaging-Beta";
		};
		9AB3DC5D2B0905A3003E70D4 /* FirebaseInAppMessagingSwift-Beta */ = {
			isa = XCSwiftPackageProductDependency;
			package = 9AB3DC382B0905A3003E70D4 /* XCRemoteSwiftPackageReference "firebase-ios-sdk" */;
			productName = "FirebaseInAppMessagingSwift-Beta";
		};
		9AB3DC5F2B0905A3003E70D4 /* FirebaseInstallations */ = {
			isa = XCSwiftPackageProductDependency;
			package = 9AB3DC382B0905A3003E70D4 /* XCRemoteSwiftPackageReference "firebase-ios-sdk" */;
			productName = FirebaseInstallations;
		};
		9AB3DC612B0905A3003E70D4 /* FirebaseMLModelDownloader */ = {
			isa = XCSwiftPackageProductDependency;
			package = 9AB3DC382B0905A3003E70D4 /* XCRemoteSwiftPackageReference "firebase-ios-sdk" */;
			productName = FirebaseMLModelDownloader;
		};
		9AB3DC632B0905A3003E70D4 /* FirebaseMessaging */ = {
			isa = XCSwiftPackageProductDependency;
			package = 9AB3DC382B0905A3003E70D4 /* XCRemoteSwiftPackageReference "firebase-ios-sdk" */;
			productName = FirebaseMessaging;
		};
		9AB3DC652B0905A3003E70D4 /* FirebasePerformance */ = {
			isa = XCSwiftPackageProductDependency;
			package = 9AB3DC382B0905A3003E70D4 /* XCRemoteSwiftPackageReference "firebase-ios-sdk" */;
			productName = FirebasePerformance;
		};
		9AB3DC672B0905A3003E70D4 /* FirebaseRemoteConfig */ = {
			isa = XCSwiftPackageProductDependency;
			package = 9AB3DC382B0905A3003E70D4 /* XCRemoteSwiftPackageReference "firebase-ios-sdk" */;
			productName = FirebaseRemoteConfig;
		};
		9AB3DC692B0905A3003E70D4 /* FirebaseRemoteConfigSwift */ = {
			isa = XCSwiftPackageProductDependency;
			package = 9AB3DC382B0905A3003E70D4 /* XCRemoteSwiftPackageReference "firebase-ios-sdk" */;
			productName = FirebaseRemoteConfigSwift;
		};
		9AB3DC6B2B0905A3003E70D4 /* FirebaseStorage */ = {
			isa = XCSwiftPackageProductDependency;
			package = 9AB3DC382B0905A3003E70D4 /* XCRemoteSwiftPackageReference "firebase-ios-sdk" */;
			productName = FirebaseStorage;
		};
		9AB3DC6D2B0905A3003E70D4 /* FirebaseStorageCombine-Community */ = {
			isa = XCSwiftPackageProductDependency;
			package = 9AB3DC382B0905A3003E70D4 /* XCRemoteSwiftPackageReference "firebase-ios-sdk" */;
			productName = "FirebaseStorageCombine-Community";
		};
/* End XCSwiftPackageProductDependency section */

/* Begin XCVersionGroup section */
		9A2379872B037BE5001D6BAF /* MixLedger.xcdatamodeld */ = {
			isa = XCVersionGroup;
			children = (
				9A2379882B037BE5001D6BAF /* MixLedger.xcdatamodel */,
			);
			currentVersion = 9A2379882B037BE5001D6BAF /* MixLedger.xcdatamodel */;
			path = MixLedger.xcdatamodeld;
			sourceTree = "<group>";
			versionGroupType = wrapper.xcdatamodel;
		};
/* End XCVersionGroup section */
	};
	rootObject = 9A2379732B037BE5001D6BAF /* Project object */;
}
